// !$*UTF8*$!
{
	archiveVersion = 1;
	classes = {
	};
	objectVersion = 50;
	objects = {

/* Begin PBXBuildFile section */
		274EC096226118CC00D5E263 /* AppDelegate.swift in Sources */ = {isa = PBXBuildFile; fileRef = 274EC095226118CC00D5E263 /* AppDelegate.swift */; };
		274EC0A0226118D000D5E263 /* Assets.xcassets in Resources */ = {isa = PBXBuildFile; fileRef = 274EC09F226118D000D5E263 /* Assets.xcassets */; };
		2771407F22B4005100F4ED05 /* DateUtil.swift in Sources */ = {isa = PBXBuildFile; fileRef = 2771407E22B4005100F4ED05 /* DateUtil.swift */; };
		2771408022B4005100F4ED05 /* DateUtil.swift in Sources */ = {isa = PBXBuildFile; fileRef = 2771407E22B4005100F4ED05 /* DateUtil.swift */; };
		27764F4B22CF1AA100C4B13D /* NotificationCenter.framework in Frameworks */ = {isa = PBXBuildFile; fileRef = 27764F4A22CF1AA100C4B13D /* NotificationCenter.framework */; };
		27764F4E22CF1AA100C4B13D /* TodayViewController.swift in Sources */ = {isa = PBXBuildFile; fileRef = 27764F4D22CF1AA100C4B13D /* TodayViewController.swift */; };
		27764F5122CF1AA100C4B13D /* MainInterface.storyboard in Resources */ = {isa = PBXBuildFile; fileRef = 27764F4F22CF1AA100C4B13D /* MainInterface.storyboard */; };
		27764F5522CF1AA100C4B13D /* Widget.appex in Embed App Extensions */ = {isa = PBXBuildFile; fileRef = 27764F4822CF1AA100C4B13D /* Widget.appex */; settings = {ATTRIBUTES = (RemoveHeadersOnCopy, ); }; };
		27764F6022CF1ACC00C4B13D /* TodayViewController.swift in Sources */ = {isa = PBXBuildFile; fileRef = 27764F4D22CF1AA100C4B13D /* TodayViewController.swift */; };
		27764F6222CF1ACC00C4B13D /* NotificationCenter.framework in Frameworks */ = {isa = PBXBuildFile; fileRef = 27764F4A22CF1AA100C4B13D /* NotificationCenter.framework */; };
		27764F6422CF1ACC00C4B13D /* MainInterface.storyboard in Resources */ = {isa = PBXBuildFile; fileRef = 27764F4F22CF1AA100C4B13D /* MainInterface.storyboard */; };
		27764F6A22CF1AEA00C4B13D /* Widget Dev.appex in Embed App Extensions */ = {isa = PBXBuildFile; fileRef = 27764F6822CF1ACC00C4B13D /* Widget Dev.appex */; settings = {ATTRIBUTES = (RemoveHeadersOnCopy, ); }; };
		27764FE822CF214200C4B13D /* AgeData.h in Headers */ = {isa = PBXBuildFile; fileRef = 27764FE622CF214200C4B13D /* AgeData.h */; settings = {ATTRIBUTES = (Public, ); }; };
		27764FEB22CF214200C4B13D /* AgeData.framework in Frameworks */ = {isa = PBXBuildFile; fileRef = 27764FE422CF214100C4B13D /* AgeData.framework */; };
		27764FEC22CF214200C4B13D /* AgeData.framework in Embed Frameworks */ = {isa = PBXBuildFile; fileRef = 27764FE422CF214100C4B13D /* AgeData.framework */; settings = {ATTRIBUTES = (CodeSignOnCopy, RemoveHeadersOnCopy, ); }; };
		2776500522CF23BE00C4B13D /* BirthDate.swift in Sources */ = {isa = PBXBuildFile; fileRef = 2776500422CF23BE00C4B13D /* BirthDate.swift */; };
		2776500622CF23D600C4B13D /* AgeData.framework in Frameworks */ = {isa = PBXBuildFile; fileRef = 27764FE422CF214100C4B13D /* AgeData.framework */; };
		2776500722CF23D600C4B13D /* AgeData.framework in Embed Frameworks */ = {isa = PBXBuildFile; fileRef = 27764FE422CF214100C4B13D /* AgeData.framework */; settings = {ATTRIBUTES = (CodeSignOnCopy, RemoveHeadersOnCopy, ); }; };
		2776500D22CF24E200C4B13D /* AgeCalculator.swift in Sources */ = {isa = PBXBuildFile; fileRef = 2776500C22CF24E100C4B13D /* AgeCalculator.swift */; };
		2776501222CF258A00C4B13D /* Birthday.swift in Sources */ = {isa = PBXBuildFile; fileRef = 2776501122CF258A00C4B13D /* Birthday.swift */; };
		2776501422CF267000C4B13D /* SuiteDefaultsUtil.swift in Sources */ = {isa = PBXBuildFile; fileRef = 2776501322CF267000C4B13D /* SuiteDefaultsUtil.swift */; };
		2776501922CF286000C4B13D /* Constants.swift in Sources */ = {isa = PBXBuildFile; fileRef = 2776501622CF285800C4B13D /* Constants.swift */; };
		2776501A22CF286400C4B13D /* Constants.swift in Sources */ = {isa = PBXBuildFile; fileRef = 2776501822CF285800C4B13D /* Constants.swift */; };
		2776502122CF2A2D00C4B13D /* AgeData.framework in Frameworks */ = {isa = PBXBuildFile; fileRef = 27764FE422CF214100C4B13D /* AgeData.framework */; };
		2776502222CF2A3000C4B13D /* AgeData.framework in Frameworks */ = {isa = PBXBuildFile; fileRef = 27764FE422CF214100C4B13D /* AgeData.framework */; };
		2789EA9422D2CBE7003BD427 /* AppWidgetOverride.swift in Sources */ = {isa = PBXBuildFile; fileRef = 2789EA9322D2CBE7003BD427 /* AppWidgetOverride.swift */; };
		2789EA9A22D53595003BD427 /* DataUtil.swift in Sources */ = {isa = PBXBuildFile; fileRef = 2789EA9922D53595003BD427 /* DataUtil.swift */; };
		2789EA9B22D53595003BD427 /* DataUtil.swift in Sources */ = {isa = PBXBuildFile; fileRef = 2789EA9922D53595003BD427 /* DataUtil.swift */; };
		2795732022DBDAED0039E7E1 /* StoreKit.framework in Frameworks */ = {isa = PBXBuildFile; fileRef = 2795731F22DBDAED0039E7E1 /* StoreKit.framework */; };
		2795732122DBDAF30039E7E1 /* StoreKit.framework in Frameworks */ = {isa = PBXBuildFile; fileRef = 2795731F22DBDAED0039E7E1 /* StoreKit.framework */; };
		2795732622DBE9750039E7E1 /* StoreKitManager.swift in Sources */ = {isa = PBXBuildFile; fileRef = 2795732522DBE9750039E7E1 /* StoreKitManager.swift */; };
		2795732722DBE9750039E7E1 /* StoreKitManager.swift in Sources */ = {isa = PBXBuildFile; fileRef = 2795732522DBE9750039E7E1 /* StoreKitManager.swift */; };
		2795732922DBEC890039E7E1 /* StoreKitUtil.swift in Sources */ = {isa = PBXBuildFile; fileRef = 2795732822DBEC890039E7E1 /* StoreKitUtil.swift */; };
		2795732A22DBEC890039E7E1 /* StoreKitUtil.swift in Sources */ = {isa = PBXBuildFile; fileRef = 2795732822DBEC890039E7E1 /* StoreKitUtil.swift */; };
		279D139F22B7DE22006B649E /* FontUtil.swift in Sources */ = {isa = PBXBuildFile; fileRef = 279D139E22B7DE22006B649E /* FontUtil.swift */; };
		279D13A022B7DE22006B649E /* FontUtil.swift in Sources */ = {isa = PBXBuildFile; fileRef = 279D139E22B7DE22006B649E /* FontUtil.swift */; };
		279D13A222B83858006B649E /* NavigationUtil.swift in Sources */ = {isa = PBXBuildFile; fileRef = 279D13A122B83858006B649E /* NavigationUtil.swift */; };
		279D13A322B83858006B649E /* NavigationUtil.swift in Sources */ = {isa = PBXBuildFile; fileRef = 279D13A122B83858006B649E /* NavigationUtil.swift */; };
		27AA5AE12299F8B90059D1A2 /* RemoteConfig.swift in Sources */ = {isa = PBXBuildFile; fileRef = 27AA5AC32299F8B80059D1A2 /* RemoteConfig.swift */; };
		27AA5AE22299F8B90059D1A2 /* Age.xcdatamodeld in Sources */ = {isa = PBXBuildFile; fileRef = 27AA5AC52299F8B80059D1A2 /* Age.xcdatamodeld */; };
		27AA5AE32299F8B90059D1A2 /* DatabaseManager.swift in Sources */ = {isa = PBXBuildFile; fileRef = 27AA5AC72299F8B80059D1A2 /* DatabaseManager.swift */; };
		27AA5AE52299F8B90059D1A2 /* ErrorUtil.swift in Sources */ = {isa = PBXBuildFile; fileRef = 27AA5ACA2299F8B80059D1A2 /* ErrorUtil.swift */; };
		27AA5AE62299F8B90059D1A2 /* UserDefaultsUtil.swift in Sources */ = {isa = PBXBuildFile; fileRef = 27AA5ACB2299F8B80059D1A2 /* UserDefaultsUtil.swift */; };
		27AA5AEA2299F8B90059D1A2 /* AgeTableViewCell.swift in Sources */ = {isa = PBXBuildFile; fileRef = 27AA5AD22299F8B90059D1A2 /* AgeTableViewCell.swift */; };
		27AA5AEC2299F8B90059D1A2 /* RootViewController.swift in Sources */ = {isa = PBXBuildFile; fileRef = 27AA5AD62299F8B90059D1A2 /* RootViewController.swift */; };
		27AA5AED2299F8B90059D1A2 /* NewAgeViewController.swift in Sources */ = {isa = PBXBuildFile; fileRef = 27AA5AD72299F8B90059D1A2 /* NewAgeViewController.swift */; };
		27AA5AEE2299F8B90059D1A2 /* AgesViewController.swift in Sources */ = {isa = PBXBuildFile; fileRef = 27AA5AD82299F8B90059D1A2 /* AgesViewController.swift */; };
		27AA5AEF2299F8B90059D1A2 /* AgeViewController.swift in Sources */ = {isa = PBXBuildFile; fileRef = 27AA5AD92299F8B90059D1A2 /* AgeViewController.swift */; };
		27AA5AF02299F8B90059D1A2 /* LoadingViewController.swift in Sources */ = {isa = PBXBuildFile; fileRef = 27AA5ADA2299F8B90059D1A2 /* LoadingViewController.swift */; };
		27AA5AF12299F8B90059D1A2 /* LaunchScreen.storyboard in Resources */ = {isa = PBXBuildFile; fileRef = 27AA5ADC2299F8B90059D1A2 /* LaunchScreen.storyboard */; };
		27AA5AF22299F8B90059D1A2 /* Main.storyboard in Resources */ = {isa = PBXBuildFile; fileRef = 27AA5ADE2299F8B90059D1A2 /* Main.storyboard */; };
		27AA5AF52299FB0E0059D1A2 /* Constants.swift in Sources */ = {isa = PBXBuildFile; fileRef = 27AA5AF42299FB0E0059D1A2 /* Constants.swift */; };
		27AA5AFA2299FC090059D1A2 /* UserDefaultsUtil.swift in Sources */ = {isa = PBXBuildFile; fileRef = 27AA5ACB2299F8B80059D1A2 /* UserDefaultsUtil.swift */; };
		27AA5AFB2299FC090059D1A2 /* AgeViewController.swift in Sources */ = {isa = PBXBuildFile; fileRef = 27AA5AD92299F8B90059D1A2 /* AgeViewController.swift */; };
		27AA5AFC2299FC090059D1A2 /* LoadingViewController.swift in Sources */ = {isa = PBXBuildFile; fileRef = 27AA5ADA2299F8B90059D1A2 /* LoadingViewController.swift */; };
		27AA5AFD2299FC090059D1A2 /* RootViewController.swift in Sources */ = {isa = PBXBuildFile; fileRef = 27AA5AD62299F8B90059D1A2 /* RootViewController.swift */; };
		27AA5AFE2299FC090059D1A2 /* NewAgeViewController.swift in Sources */ = {isa = PBXBuildFile; fileRef = 27AA5AD72299F8B90059D1A2 /* NewAgeViewController.swift */; };
		27AA5B002299FC090059D1A2 /* ErrorUtil.swift in Sources */ = {isa = PBXBuildFile; fileRef = 27AA5ACA2299F8B80059D1A2 /* ErrorUtil.swift */; };
		27AA5B022299FC090059D1A2 /* AgeTableViewCell.swift in Sources */ = {isa = PBXBuildFile; fileRef = 27AA5AD22299F8B90059D1A2 /* AgeTableViewCell.swift */; };
		27AA5B032299FC090059D1A2 /* AppDelegate.swift in Sources */ = {isa = PBXBuildFile; fileRef = 274EC095226118CC00D5E263 /* AppDelegate.swift */; };
		27AA5B042299FC090059D1A2 /* DatabaseManager.swift in Sources */ = {isa = PBXBuildFile; fileRef = 27AA5AC72299F8B80059D1A2 /* DatabaseManager.swift */; };
		27AA5B052299FC090059D1A2 /* Age.xcdatamodeld in Sources */ = {isa = PBXBuildFile; fileRef = 27AA5AC52299F8B80059D1A2 /* Age.xcdatamodeld */; };
		27AA5B062299FC090059D1A2 /* AgesViewController.swift in Sources */ = {isa = PBXBuildFile; fileRef = 27AA5AD82299F8B90059D1A2 /* AgesViewController.swift */; };
		27AA5B092299FC090059D1A2 /* RemoteConfig.swift in Sources */ = {isa = PBXBuildFile; fileRef = 27AA5AC32299F8B80059D1A2 /* RemoteConfig.swift */; };
		27AA5B0C2299FC090059D1A2 /* Assets.xcassets in Resources */ = {isa = PBXBuildFile; fileRef = 274EC09F226118D000D5E263 /* Assets.xcassets */; };
		27AA5B0F2299FC090059D1A2 /* Main.storyboard in Resources */ = {isa = PBXBuildFile; fileRef = 27AA5ADE2299F8B90059D1A2 /* Main.storyboard */; };
		27AA5B102299FC090059D1A2 /* LaunchScreen.storyboard in Resources */ = {isa = PBXBuildFile; fileRef = 27AA5ADC2299F8B90059D1A2 /* LaunchScreen.storyboard */; };
		27AA5B1B2299FC640059D1A2 /* Constants.swift in Sources */ = {isa = PBXBuildFile; fileRef = 27AA5AF72299FB210059D1A2 /* Constants.swift */; };
		27AA5B29229DF7AA0059D1A2 /* Config.cer in Resources */ = {isa = PBXBuildFile; fileRef = 27AA5B26229DF7AA0059D1A2 /* Config.cer */; };
		27AA5B2C229DF7AA0059D1A2 /* Config.cer in Resources */ = {isa = PBXBuildFile; fileRef = 27AA5B28229DF7AA0059D1A2 /* Config.cer */; };
		27AA5B2E229DFD520059D1A2 /* CoreDataUtil.swift in Sources */ = {isa = PBXBuildFile; fileRef = 27AA5B2D229DFD520059D1A2 /* CoreDataUtil.swift */; };
		27AA5B2F229DFD520059D1A2 /* CoreDataUtil.swift in Sources */ = {isa = PBXBuildFile; fileRef = 27AA5B2D229DFD520059D1A2 /* CoreDataUtil.swift */; };
		27AA5B3122A422EB0059D1A2 /* BundleUtil.swift in Sources */ = {isa = PBXBuildFile; fileRef = 27AA5B3022A422EB0059D1A2 /* BundleUtil.swift */; };
		27AA5B3222A422EB0059D1A2 /* BundleUtil.swift in Sources */ = {isa = PBXBuildFile; fileRef = 27AA5B3022A422EB0059D1A2 /* BundleUtil.swift */; };
		27ABE05C22B92A9B009B60B4 /* ObjectUtil.swift in Sources */ = {isa = PBXBuildFile; fileRef = 27C8C01622B875EC00C064D5 /* ObjectUtil.swift */; };
		27C257CA229F0CEA00EFAA33 /* RemoteConfigManager.swift in Sources */ = {isa = PBXBuildFile; fileRef = 27C257C9229F0CEA00EFAA33 /* RemoteConfigManager.swift */; };
		27C257CB229F0CEA00EFAA33 /* RemoteConfigManager.swift in Sources */ = {isa = PBXBuildFile; fileRef = 27C257C9229F0CEA00EFAA33 /* RemoteConfigManager.swift */; };
		27C257D322A20F5200EFAA33 /* URLSessionUtil.swift in Sources */ = {isa = PBXBuildFile; fileRef = 27C257D222A20F5200EFAA33 /* URLSessionUtil.swift */; };
		27C257D422A20F5200EFAA33 /* URLSessionUtil.swift in Sources */ = {isa = PBXBuildFile; fileRef = 27C257D222A20F5200EFAA33 /* URLSessionUtil.swift */; };
		27C257D622A2102600EFAA33 /* AppError.swift in Sources */ = {isa = PBXBuildFile; fileRef = 27C257D522A2102600EFAA33 /* AppError.swift */; };
		27C257D722A2102600EFAA33 /* AppError.swift in Sources */ = {isa = PBXBuildFile; fileRef = 27C257D522A2102600EFAA33 /* AppError.swift */; };
		27C257E022A30AA100EFAA33 /* ReplaceRootSegue.swift in Sources */ = {isa = PBXBuildFile; fileRef = 27C257DF22A30AA100EFAA33 /* ReplaceRootSegue.swift */; };
		27C257E122A30AA100EFAA33 /* ReplaceRootSegue.swift in Sources */ = {isa = PBXBuildFile; fileRef = 27C257DF22A30AA100EFAA33 /* ReplaceRootSegue.swift */; };
		27C257E622A30B7800EFAA33 /* AppNavigationController.swift in Sources */ = {isa = PBXBuildFile; fileRef = 27C257E522A30B7800EFAA33 /* AppNavigationController.swift */; };
		27C257E722A30B7800EFAA33 /* AppNavigationController.swift in Sources */ = {isa = PBXBuildFile; fileRef = 27C257E522A30B7800EFAA33 /* AppNavigationController.swift */; };
		27C257E922A3138400EFAA33 /* UpgradeViewController.swift in Sources */ = {isa = PBXBuildFile; fileRef = 27C257E822A3138400EFAA33 /* UpgradeViewController.swift */; };
		27C257EA22A3138400EFAA33 /* UpgradeViewController.swift in Sources */ = {isa = PBXBuildFile; fileRef = 27C257E822A3138400EFAA33 /* UpgradeViewController.swift */; };
		27C257EC22A58B6600EFAA33 /* BaseViewController.swift in Sources */ = {isa = PBXBuildFile; fileRef = 27C257EB22A58B6600EFAA33 /* BaseViewController.swift */; };
		27C257ED22A58B6600EFAA33 /* BaseViewController.swift in Sources */ = {isa = PBXBuildFile; fileRef = 27C257EB22A58B6600EFAA33 /* BaseViewController.swift */; };
		27C257EF22A58BC800EFAA33 /* ViewControllerUtil.swift in Sources */ = {isa = PBXBuildFile; fileRef = 27C257EE22A58BC800EFAA33 /* ViewControllerUtil.swift */; };
		27C257F022A58BC800EFAA33 /* ViewControllerUtil.swift in Sources */ = {isa = PBXBuildFile; fileRef = 27C257EE22A58BC800EFAA33 /* ViewControllerUtil.swift */; };
		27C8C00D22B2D99D00C064D5 /* CallbackUtil.swift in Sources */ = {isa = PBXBuildFile; fileRef = 27C8C00C22B2D99D00C064D5 /* CallbackUtil.swift */; };
		27C8C00E22B2DE1000C064D5 /* CallbackUtil.swift in Sources */ = {isa = PBXBuildFile; fileRef = 27C8C00C22B2D99D00C064D5 /* CallbackUtil.swift */; };
		27C8C01022B3016800C064D5 /* StringUtil.swift in Sources */ = {isa = PBXBuildFile; fileRef = 27C8C00F22B3016800C064D5 /* StringUtil.swift */; };
		27C8C01122B3016800C064D5 /* StringUtil.swift in Sources */ = {isa = PBXBuildFile; fileRef = 27C8C00F22B3016800C064D5 /* StringUtil.swift */; };
		27C8C01722B875EC00C064D5 /* ObjectUtil.swift in Sources */ = {isa = PBXBuildFile; fileRef = 27C8C01622B875EC00C064D5 /* ObjectUtil.swift */; };
/* End PBXBuildFile section */

/* Begin PBXContainerItemProxy section */
		27764F5322CF1AA100C4B13D /* PBXContainerItemProxy */ = {
			isa = PBXContainerItemProxy;
			containerPortal = 274EC08A226118CC00D5E263 /* Project object */;
			proxyType = 1;
			remoteGlobalIDString = 27764F4722CF1AA100C4B13D;
			remoteInfo = Widget;
		};
		27764F6B22CF1AEA00C4B13D /* PBXContainerItemProxy */ = {
			isa = PBXContainerItemProxy;
			containerPortal = 274EC08A226118CC00D5E263 /* Project object */;
			proxyType = 1;
			remoteGlobalIDString = 27764F5E22CF1ACC00C4B13D;
			remoteInfo = "Widget Dev";
		};
		27764FE922CF214200C4B13D /* PBXContainerItemProxy */ = {
			isa = PBXContainerItemProxy;
			containerPortal = 274EC08A226118CC00D5E263 /* Project object */;
			proxyType = 1;
			remoteGlobalIDString = 27764FE322CF214100C4B13D;
			remoteInfo = AgeData;
		};
		2776500822CF23D600C4B13D /* PBXContainerItemProxy */ = {
			isa = PBXContainerItemProxy;
			containerPortal = 274EC08A226118CC00D5E263 /* Project object */;
			proxyType = 1;
			remoteGlobalIDString = 27764FE322CF214100C4B13D;
			remoteInfo = AgeData;
		};
/* End PBXContainerItemProxy section */

/* Begin PBXCopyFilesBuildPhase section */
		27764F5922CF1AA100C4B13D /* Embed App Extensions */ = {
			isa = PBXCopyFilesBuildPhase;
			buildActionMask = 2147483647;
			dstPath = "";
			dstSubfolderSpec = 13;
			files = (
				27764F5522CF1AA100C4B13D /* Widget.appex in Embed App Extensions */,
			);
			name = "Embed App Extensions";
			runOnlyForDeploymentPostprocessing = 0;
		};
		27764F6D22CF1AEB00C4B13D /* Embed App Extensions */ = {
			isa = PBXCopyFilesBuildPhase;
			buildActionMask = 2147483647;
			dstPath = "";
			dstSubfolderSpec = 13;
			files = (
				27764F6A22CF1AEA00C4B13D /* Widget Dev.appex in Embed App Extensions */,
			);
			name = "Embed App Extensions";
			runOnlyForDeploymentPostprocessing = 0;
		};
		27764FF022CF214200C4B13D /* Embed Frameworks */ = {
			isa = PBXCopyFilesBuildPhase;
			buildActionMask = 2147483647;
			dstPath = "";
			dstSubfolderSpec = 10;
			files = (
				27764FEC22CF214200C4B13D /* AgeData.framework in Embed Frameworks */,
			);
			name = "Embed Frameworks";
			runOnlyForDeploymentPostprocessing = 0;
		};
		2776500A22CF23D600C4B13D /* Embed Frameworks */ = {
			isa = PBXCopyFilesBuildPhase;
			buildActionMask = 2147483647;
			dstPath = "";
			dstSubfolderSpec = 10;
			files = (
				2776500722CF23D600C4B13D /* AgeData.framework in Embed Frameworks */,
			);
			name = "Embed Frameworks";
			runOnlyForDeploymentPostprocessing = 0;
		};
/* End PBXCopyFilesBuildPhase section */

/* Begin PBXFileReference section */
		272785B522CFD83F00E1C189 /* Widget.entitlements */ = {isa = PBXFileReference; lastKnownFileType = text.plist.entitlements; path = Widget.entitlements; sourceTree = "<group>"; };
		272785B722CFD83F00E1C189 /* Widget Dev.entitlements */ = {isa = PBXFileReference; lastKnownFileType = text.plist.entitlements; path = "Widget Dev.entitlements"; sourceTree = "<group>"; };
		272785B922CFD8AF00E1C189 /* Age.entitlements */ = {isa = PBXFileReference; lastKnownFileType = text.plist.entitlements; path = Age.entitlements; sourceTree = "<group>"; };
		272785BB22CFD8AF00E1C189 /* Age.entitlements */ = {isa = PBXFileReference; lastKnownFileType = text.plist.entitlements; path = Age.entitlements; sourceTree = "<group>"; };
		274EC092226118CC00D5E263 /* Age.app */ = {isa = PBXFileReference; explicitFileType = wrapper.application; includeInIndex = 0; path = Age.app; sourceTree = BUILT_PRODUCTS_DIR; };
		274EC095226118CC00D5E263 /* AppDelegate.swift */ = {isa = PBXFileReference; lastKnownFileType = sourcecode.swift; path = AppDelegate.swift; sourceTree = "<group>"; };
		274EC09F226118D000D5E263 /* Assets.xcassets */ = {isa = PBXFileReference; lastKnownFileType = folder.assetcatalog; path = Assets.xcassets; sourceTree = "<group>"; };
		2771407E22B4005100F4ED05 /* DateUtil.swift */ = {isa = PBXFileReference; lastKnownFileType = sourcecode.swift; path = DateUtil.swift; sourceTree = "<group>"; };
		27764F4822CF1AA100C4B13D /* Widget.appex */ = {isa = PBXFileReference; explicitFileType = "wrapper.app-extension"; includeInIndex = 0; path = Widget.appex; sourceTree = BUILT_PRODUCTS_DIR; };
		27764F4A22CF1AA100C4B13D /* NotificationCenter.framework */ = {isa = PBXFileReference; lastKnownFileType = wrapper.framework; name = NotificationCenter.framework; path = System/Library/Frameworks/NotificationCenter.framework; sourceTree = SDKROOT; };
		27764F4D22CF1AA100C4B13D /* TodayViewController.swift */ = {isa = PBXFileReference; lastKnownFileType = sourcecode.swift; path = TodayViewController.swift; sourceTree = "<group>"; };
		27764F5022CF1AA100C4B13D /* Base */ = {isa = PBXFileReference; lastKnownFileType = file.storyboard; name = Base; path = Base.lproj/MainInterface.storyboard; sourceTree = "<group>"; };
		27764F6822CF1ACC00C4B13D /* Widget Dev.appex */ = {isa = PBXFileReference; explicitFileType = "wrapper.app-extension"; includeInIndex = 0; path = "Widget Dev.appex"; sourceTree = BUILT_PRODUCTS_DIR; };
		27764FE422CF214100C4B13D /* AgeData.framework */ = {isa = PBXFileReference; explicitFileType = wrapper.framework; includeInIndex = 0; path = AgeData.framework; sourceTree = BUILT_PRODUCTS_DIR; };
		27764FE622CF214200C4B13D /* AgeData.h */ = {isa = PBXFileReference; lastKnownFileType = sourcecode.c.h; path = AgeData.h; sourceTree = "<group>"; };
		27764FE722CF214200C4B13D /* Info.plist */ = {isa = PBXFileReference; lastKnownFileType = text.plist.xml; path = Info.plist; sourceTree = "<group>"; };
		2776500422CF23BE00C4B13D /* BirthDate.swift */ = {isa = PBXFileReference; fileEncoding = 4; lastKnownFileType = sourcecode.swift; path = BirthDate.swift; sourceTree = "<group>"; };
		2776500C22CF24E100C4B13D /* AgeCalculator.swift */ = {isa = PBXFileReference; fileEncoding = 4; lastKnownFileType = sourcecode.swift; path = AgeCalculator.swift; sourceTree = "<group>"; };
		2776501122CF258A00C4B13D /* Birthday.swift */ = {isa = PBXFileReference; fileEncoding = 4; lastKnownFileType = sourcecode.swift; path = Birthday.swift; sourceTree = "<group>"; };
		2776501322CF267000C4B13D /* SuiteDefaultsUtil.swift */ = {isa = PBXFileReference; fileEncoding = 4; lastKnownFileType = sourcecode.swift; path = SuiteDefaultsUtil.swift; sourceTree = "<group>"; };
		2776501622CF285800C4B13D /* Constants.swift */ = {isa = PBXFileReference; lastKnownFileType = sourcecode.swift; path = Constants.swift; sourceTree = "<group>"; };
		2776501822CF285800C4B13D /* Constants.swift */ = {isa = PBXFileReference; lastKnownFileType = sourcecode.swift; path = Constants.swift; sourceTree = "<group>"; };
		2776501D22CF29AA00C4B13D /* Info.plist */ = {isa = PBXFileReference; lastKnownFileType = text.plist.xml; path = Info.plist; sourceTree = "<group>"; };
		2776501E22CF29AA00C4B13D /* Info.plist */ = {isa = PBXFileReference; lastKnownFileType = text.plist.xml; path = Info.plist; sourceTree = "<group>"; };
		2789EA9322D2CBE7003BD427 /* AppWidgetOverride.swift */ = {isa = PBXFileReference; lastKnownFileType = sourcecode.swift; path = AppWidgetOverride.swift; sourceTree = "<group>"; };
		2789EA9922D53595003BD427 /* DataUtil.swift */ = {isa = PBXFileReference; lastKnownFileType = sourcecode.swift; path = DataUtil.swift; sourceTree = "<group>"; };
		2795731F22DBDAED0039E7E1 /* StoreKit.framework */ = {isa = PBXFileReference; lastKnownFileType = wrapper.framework; name = StoreKit.framework; path = System/Library/Frameworks/StoreKit.framework; sourceTree = SDKROOT; };
		2795732522DBE9750039E7E1 /* StoreKitManager.swift */ = {isa = PBXFileReference; lastKnownFileType = sourcecode.swift; path = StoreKitManager.swift; sourceTree = "<group>"; };
		2795732822DBEC890039E7E1 /* StoreKitUtil.swift */ = {isa = PBXFileReference; lastKnownFileType = sourcecode.swift; path = StoreKitUtil.swift; sourceTree = "<group>"; };
		279D139E22B7DE22006B649E /* FontUtil.swift */ = {isa = PBXFileReference; lastKnownFileType = sourcecode.swift; path = FontUtil.swift; sourceTree = "<group>"; };
		279D13A122B83858006B649E /* NavigationUtil.swift */ = {isa = PBXFileReference; lastKnownFileType = sourcecode.swift; path = NavigationUtil.swift; sourceTree = "<group>"; };
		27AA5AC32299F8B80059D1A2 /* RemoteConfig.swift */ = {isa = PBXFileReference; fileEncoding = 4; lastKnownFileType = sourcecode.swift; path = RemoteConfig.swift; sourceTree = "<group>"; };
		27AA5AC62299F8B80059D1A2 /* Age.xcdatamodel */ = {isa = PBXFileReference; lastKnownFileType = wrapper.xcdatamodel; path = Age.xcdatamodel; sourceTree = "<group>"; };
		27AA5AC72299F8B80059D1A2 /* DatabaseManager.swift */ = {isa = PBXFileReference; fileEncoding = 4; lastKnownFileType = sourcecode.swift; path = DatabaseManager.swift; sourceTree = "<group>"; };
		27AA5ACA2299F8B80059D1A2 /* ErrorUtil.swift */ = {isa = PBXFileReference; fileEncoding = 4; lastKnownFileType = sourcecode.swift; path = ErrorUtil.swift; sourceTree = "<group>"; };
		27AA5ACB2299F8B80059D1A2 /* UserDefaultsUtil.swift */ = {isa = PBXFileReference; fileEncoding = 4; lastKnownFileType = sourcecode.swift; path = UserDefaultsUtil.swift; sourceTree = "<group>"; };
		27AA5ACF2299F8B90059D1A2 /* ExportOptions.plist */ = {isa = PBXFileReference; fileEncoding = 4; lastKnownFileType = text.plist.xml; path = ExportOptions.plist; sourceTree = "<group>"; };
		27AA5AD02299F8B90059D1A2 /* Info.plist */ = {isa = PBXFileReference; fileEncoding = 4; lastKnownFileType = text.plist.xml; path = Info.plist; sourceTree = "<group>"; };
		27AA5AD22299F8B90059D1A2 /* AgeTableViewCell.swift */ = {isa = PBXFileReference; fileEncoding = 4; lastKnownFileType = sourcecode.swift; path = AgeTableViewCell.swift; sourceTree = "<group>"; };
		27AA5AD62299F8B90059D1A2 /* RootViewController.swift */ = {isa = PBXFileReference; fileEncoding = 4; lastKnownFileType = sourcecode.swift; path = RootViewController.swift; sourceTree = "<group>"; };
		27AA5AD72299F8B90059D1A2 /* NewAgeViewController.swift */ = {isa = PBXFileReference; fileEncoding = 4; lastKnownFileType = sourcecode.swift; path = NewAgeViewController.swift; sourceTree = "<group>"; };
		27AA5AD82299F8B90059D1A2 /* AgesViewController.swift */ = {isa = PBXFileReference; fileEncoding = 4; lastKnownFileType = sourcecode.swift; path = AgesViewController.swift; sourceTree = "<group>"; };
		27AA5AD92299F8B90059D1A2 /* AgeViewController.swift */ = {isa = PBXFileReference; fileEncoding = 4; lastKnownFileType = sourcecode.swift; path = AgeViewController.swift; sourceTree = "<group>"; };
		27AA5ADA2299F8B90059D1A2 /* LoadingViewController.swift */ = {isa = PBXFileReference; fileEncoding = 4; lastKnownFileType = sourcecode.swift; path = LoadingViewController.swift; sourceTree = "<group>"; };
		27AA5ADD2299F8B90059D1A2 /* Base */ = {isa = PBXFileReference; lastKnownFileType = file.storyboard; name = Base; path = Base.lproj/LaunchScreen.storyboard; sourceTree = "<group>"; };
		27AA5ADF2299F8B90059D1A2 /* Base */ = {isa = PBXFileReference; lastKnownFileType = file.storyboard; name = Base; path = Base.lproj/Main.storyboard; sourceTree = "<group>"; };
		27AA5AF42299FB0E0059D1A2 /* Constants.swift */ = {isa = PBXFileReference; fileEncoding = 4; lastKnownFileType = sourcecode.swift; path = Constants.swift; sourceTree = "<group>"; };
		27AA5AF72299FB210059D1A2 /* Constants.swift */ = {isa = PBXFileReference; lastKnownFileType = sourcecode.swift; path = Constants.swift; sourceTree = "<group>"; };
		27AA5B142299FC090059D1A2 /* Age Dev.app */ = {isa = PBXFileReference; explicitFileType = wrapper.application; includeInIndex = 0; path = "Age Dev.app"; sourceTree = BUILT_PRODUCTS_DIR; };
		27AA5B172299FC530059D1A2 /* ExportOptions.plist */ = {isa = PBXFileReference; fileEncoding = 4; lastKnownFileType = text.plist.xml; path = ExportOptions.plist; sourceTree = "<group>"; };
		27AA5B182299FC530059D1A2 /* Info.plist */ = {isa = PBXFileReference; fileEncoding = 4; lastKnownFileType = text.plist.xml; path = Info.plist; sourceTree = "<group>"; };
		27AA5B26229DF7AA0059D1A2 /* Config.cer */ = {isa = PBXFileReference; lastKnownFileType = file; path = Config.cer; sourceTree = "<group>"; };
		27AA5B28229DF7AA0059D1A2 /* Config.cer */ = {isa = PBXFileReference; lastKnownFileType = file; path = Config.cer; sourceTree = "<group>"; };
		27AA5B2D229DFD520059D1A2 /* CoreDataUtil.swift */ = {isa = PBXFileReference; fileEncoding = 4; lastKnownFileType = sourcecode.swift; name = CoreDataUtil.swift; path = Age/Database/CoreDataUtil.swift; sourceTree = SOURCE_ROOT; };
		27AA5B3022A422EB0059D1A2 /* BundleUtil.swift */ = {isa = PBXFileReference; lastKnownFileType = sourcecode.swift; path = BundleUtil.swift; sourceTree = "<group>"; };
		27C257C9229F0CEA00EFAA33 /* RemoteConfigManager.swift */ = {isa = PBXFileReference; fileEncoding = 4; lastKnownFileType = sourcecode.swift; path = RemoteConfigManager.swift; sourceTree = "<group>"; };
		27C257D222A20F5200EFAA33 /* URLSessionUtil.swift */ = {isa = PBXFileReference; lastKnownFileType = sourcecode.swift; path = URLSessionUtil.swift; sourceTree = "<group>"; };
		27C257D522A2102600EFAA33 /* AppError.swift */ = {isa = PBXFileReference; lastKnownFileType = sourcecode.swift; path = AppError.swift; sourceTree = "<group>"; };
		27C257DF22A30AA100EFAA33 /* ReplaceRootSegue.swift */ = {isa = PBXFileReference; lastKnownFileType = sourcecode.swift; path = ReplaceRootSegue.swift; sourceTree = "<group>"; };
		27C257E522A30B7800EFAA33 /* AppNavigationController.swift */ = {isa = PBXFileReference; lastKnownFileType = sourcecode.swift; path = AppNavigationController.swift; sourceTree = "<group>"; };
		27C257E822A3138400EFAA33 /* UpgradeViewController.swift */ = {isa = PBXFileReference; lastKnownFileType = sourcecode.swift; path = UpgradeViewController.swift; sourceTree = "<group>"; };
		27C257EB22A58B6600EFAA33 /* BaseViewController.swift */ = {isa = PBXFileReference; lastKnownFileType = sourcecode.swift; path = BaseViewController.swift; sourceTree = "<group>"; };
		27C257EE22A58BC800EFAA33 /* ViewControllerUtil.swift */ = {isa = PBXFileReference; lastKnownFileType = sourcecode.swift; path = ViewControllerUtil.swift; sourceTree = "<group>"; };
		27C8C00C22B2D99D00C064D5 /* CallbackUtil.swift */ = {isa = PBXFileReference; lastKnownFileType = sourcecode.swift; path = CallbackUtil.swift; sourceTree = "<group>"; };
		27C8C00F22B3016800C064D5 /* StringUtil.swift */ = {isa = PBXFileReference; lastKnownFileType = sourcecode.swift; path = StringUtil.swift; sourceTree = "<group>"; };
		27C8C01622B875EC00C064D5 /* ObjectUtil.swift */ = {isa = PBXFileReference; lastKnownFileType = sourcecode.swift; path = ObjectUtil.swift; sourceTree = "<group>"; };
/* End PBXFileReference section */

/* Begin PBXFrameworksBuildPhase section */
		274EC08F226118CC00D5E263 /* Frameworks */ = {
			isa = PBXFrameworksBuildPhase;
			buildActionMask = 2147483647;
			files = (
				27764FEB22CF214200C4B13D /* AgeData.framework in Frameworks */,
				2795732122DBDAF30039E7E1 /* StoreKit.framework in Frameworks */,
			);
			runOnlyForDeploymentPostprocessing = 0;
		};
		27764F4522CF1AA100C4B13D /* Frameworks */ = {
			isa = PBXFrameworksBuildPhase;
			buildActionMask = 2147483647;
			files = (
				2776502122CF2A2D00C4B13D /* AgeData.framework in Frameworks */,
				27764F4B22CF1AA100C4B13D /* NotificationCenter.framework in Frameworks */,
			);
			runOnlyForDeploymentPostprocessing = 0;
		};
		27764F6122CF1ACC00C4B13D /* Frameworks */ = {
			isa = PBXFrameworksBuildPhase;
			buildActionMask = 2147483647;
			files = (
				2776502222CF2A3000C4B13D /* AgeData.framework in Frameworks */,
				27764F6222CF1ACC00C4B13D /* NotificationCenter.framework in Frameworks */,
			);
			runOnlyForDeploymentPostprocessing = 0;
		};
		27764FE122CF214100C4B13D /* Frameworks */ = {
			isa = PBXFrameworksBuildPhase;
			buildActionMask = 2147483647;
			files = (
			);
			runOnlyForDeploymentPostprocessing = 0;
		};
		27AA5B0A2299FC090059D1A2 /* Frameworks */ = {
			isa = PBXFrameworksBuildPhase;
			buildActionMask = 2147483647;
			files = (
				2776500622CF23D600C4B13D /* AgeData.framework in Frameworks */,
				2795732022DBDAED0039E7E1 /* StoreKit.framework in Frameworks */,
			);
			runOnlyForDeploymentPostprocessing = 0;
		};
/* End PBXFrameworksBuildPhase section */

/* Begin PBXGroup section */
		272785B422CFD83F00E1C189 /* Entitlements */ = {
			isa = PBXGroup;
			children = (
				272785B522CFD83F00E1C189 /* Widget.entitlements */,
				272785B622CFD83F00E1C189 /* Dev */,
			);
			path = Entitlements;
			sourceTree = "<group>";
		};
		272785B622CFD83F00E1C189 /* Dev */ = {
			isa = PBXGroup;
			children = (
				272785B722CFD83F00E1C189 /* Widget Dev.entitlements */,
			);
			path = Dev;
			sourceTree = "<group>";
		};
		272785B822CFD8AF00E1C189 /* Entitlements */ = {
			isa = PBXGroup;
			children = (
				272785B922CFD8AF00E1C189 /* Age.entitlements */,
				272785BA22CFD8AF00E1C189 /* Dev */,
			);
			path = Entitlements;
			sourceTree = "<group>";
		};
		272785BA22CFD8AF00E1C189 /* Dev */ = {
			isa = PBXGroup;
			children = (
				272785BB22CFD8AF00E1C189 /* Age.entitlements */,
			);
			path = Dev;
			sourceTree = "<group>";
		};
		274EC089226118CC00D5E263 = {
			isa = PBXGroup;
			children = (
				274EC094226118CC00D5E263 /* Age */,
				27764F4C22CF1AA100C4B13D /* Widget */,
				27764FE522CF214200C4B13D /* AgeData */,
				27764F4922CF1AA100C4B13D /* Frameworks */,
				274EC093226118CC00D5E263 /* Products */,
			);
			sourceTree = "<group>";
		};
		274EC093226118CC00D5E263 /* Products */ = {
			isa = PBXGroup;
			children = (
				274EC092226118CC00D5E263 /* Age.app */,
				27AA5B142299FC090059D1A2 /* Age Dev.app */,
				27764F4822CF1AA100C4B13D /* Widget.appex */,
				27764F6822CF1ACC00C4B13D /* Widget Dev.appex */,
				27764FE422CF214100C4B13D /* AgeData.framework */,
			);
			name = Products;
			sourceTree = "<group>";
		};
		274EC094226118CC00D5E263 /* Age */ = {
			isa = PBXGroup;
			children = (
				274EC095226118CC00D5E263 /* AppDelegate.swift */,
				272785B822CFD8AF00E1C189 /* Entitlements */,
				27AA5AF32299FB0E0059D1A2 /* Constants */,
				27AA5AD12299F8B90059D1A2 /* Cells */,
				27AA5AD32299F8B90059D1A2 /* Certificates */,
				27AA5AC42299F8B80059D1A2 /* Database */,
				27AA5AC12299F8B80059D1A2 /* Models */,
				27AA5ACE2299F8B90059D1A2 /* Plists */,
				27C257C8229F0CEA00EFAA33 /* Config */,
				2795732422DBE9660039E7E1 /* Store */,
				27AA5ADB2299F8B90059D1A2 /* Storyboards */,
				27AA5AC92299F8B80059D1A2 /* Utils */,
				27C257D822A30A2E00EFAA33 /* Navigation */,
				27AA5AD52299F8B90059D1A2 /* ViewControllers */,
				274EC09F226118D000D5E263 /* Assets.xcassets */,
			);
			path = Age;
			sourceTree = "<group>";
		};
		27764F4922CF1AA100C4B13D /* Frameworks */ = {
			isa = PBXGroup;
			children = (
				2795731F22DBDAED0039E7E1 /* StoreKit.framework */,
				27764F4A22CF1AA100C4B13D /* NotificationCenter.framework */,
			);
			name = Frameworks;
			sourceTree = "<group>";
		};
		27764F4C22CF1AA100C4B13D /* Widget */ = {
			isa = PBXGroup;
			children = (
				27764F4D22CF1AA100C4B13D /* TodayViewController.swift */,
				2776501522CF285800C4B13D /* Constants */,
				27764F4F22CF1AA100C4B13D /* MainInterface.storyboard */,
				2776501B22CF29AA00C4B13D /* Plists */,
				272785B422CFD83F00E1C189 /* Entitlements */,
			);
			path = Widget;
			sourceTree = "<group>";
		};
		27764FE522CF214200C4B13D /* AgeData */ = {
			isa = PBXGroup;
			children = (
				27764FE622CF214200C4B13D /* AgeData.h */,
				2776500322CF239500C4B13D /* Models */,
				2776500B22CF24E100C4B13D /* Calculator */,
				2776500E22CF24FE00C4B13D /* Utils */,
				27764FE722CF214200C4B13D /* Info.plist */,
			);
			path = AgeData;
			sourceTree = "<group>";
		};
		2776500322CF239500C4B13D /* Models */ = {
			isa = PBXGroup;
			children = (
				2776501122CF258A00C4B13D /* Birthday.swift */,
				2776500422CF23BE00C4B13D /* BirthDate.swift */,
				2789EA9322D2CBE7003BD427 /* AppWidgetOverride.swift */,
			);
			path = Models;
			sourceTree = "<group>";
		};
		2776500B22CF24E100C4B13D /* Calculator */ = {
			isa = PBXGroup;
			children = (
				2776500C22CF24E100C4B13D /* AgeCalculator.swift */,
			);
			path = Calculator;
			sourceTree = "<group>";
		};
		2776500E22CF24FE00C4B13D /* Utils */ = {
			isa = PBXGroup;
			children = (
				2776501322CF267000C4B13D /* SuiteDefaultsUtil.swift */,
			);
			path = Utils;
			sourceTree = "<group>";
		};
		2776501522CF285800C4B13D /* Constants */ = {
			isa = PBXGroup;
			children = (
				2776501622CF285800C4B13D /* Constants.swift */,
				2776501722CF285800C4B13D /* Dev */,
			);
			path = Constants;
			sourceTree = "<group>";
		};
		2776501722CF285800C4B13D /* Dev */ = {
			isa = PBXGroup;
			children = (
				2776501822CF285800C4B13D /* Constants.swift */,
			);
			path = Dev;
			sourceTree = "<group>";
		};
		2776501B22CF29AA00C4B13D /* Plists */ = {
			isa = PBXGroup;
			children = (
				2776501C22CF29AA00C4B13D /* Dev */,
				2776501E22CF29AA00C4B13D /* Info.plist */,
			);
			path = Plists;
			sourceTree = "<group>";
		};
		2776501C22CF29AA00C4B13D /* Dev */ = {
			isa = PBXGroup;
			children = (
				2776501D22CF29AA00C4B13D /* Info.plist */,
			);
			path = Dev;
			sourceTree = "<group>";
		};
		2795732422DBE9660039E7E1 /* Store */ = {
			isa = PBXGroup;
			children = (
				2795732522DBE9750039E7E1 /* StoreKitManager.swift */,
			);
			path = Store;
			sourceTree = "<group>";
		};
		27AA5AC12299F8B80059D1A2 /* Models */ = {
			isa = PBXGroup;
			children = (
				27C257D522A2102600EFAA33 /* AppError.swift */,
				27AA5AC32299F8B80059D1A2 /* RemoteConfig.swift */,
			);
			path = Models;
			sourceTree = "<group>";
		};
		27AA5AC42299F8B80059D1A2 /* Database */ = {
			isa = PBXGroup;
			children = (
				27AA5AC52299F8B80059D1A2 /* Age.xcdatamodeld */,
				27AA5AC72299F8B80059D1A2 /* DatabaseManager.swift */,
			);
			path = Database;
			sourceTree = "<group>";
		};
		27AA5AC92299F8B80059D1A2 /* Utils */ = {
			isa = PBXGroup;
			children = (
				27AA5ACA2299F8B80059D1A2 /* ErrorUtil.swift */,
				279D13A122B83858006B649E /* NavigationUtil.swift */,
				27AA5ACB2299F8B80059D1A2 /* UserDefaultsUtil.swift */,
				27AA5B2D229DFD520059D1A2 /* CoreDataUtil.swift */,
				27C257D222A20F5200EFAA33 /* URLSessionUtil.swift */,
				27AA5B3022A422EB0059D1A2 /* BundleUtil.swift */,
				27C257EE22A58BC800EFAA33 /* ViewControllerUtil.swift */,
				27C8C00C22B2D99D00C064D5 /* CallbackUtil.swift */,
				27C8C00F22B3016800C064D5 /* StringUtil.swift */,
				2771407E22B4005100F4ED05 /* DateUtil.swift */,
				2789EA9922D53595003BD427 /* DataUtil.swift */,
				279D139E22B7DE22006B649E /* FontUtil.swift */,
				27C8C01622B875EC00C064D5 /* ObjectUtil.swift */,
				2795732822DBEC890039E7E1 /* StoreKitUtil.swift */,
			);
			path = Utils;
			sourceTree = "<group>";
		};
		27AA5ACE2299F8B90059D1A2 /* Plists */ = {
			isa = PBXGroup;
			children = (
				27AA5ACF2299F8B90059D1A2 /* ExportOptions.plist */,
				27AA5AD02299F8B90059D1A2 /* Info.plist */,
				27AA5B162299FC530059D1A2 /* Dev */,
			);
			path = Plists;
			sourceTree = "<group>";
		};
		27AA5AD12299F8B90059D1A2 /* Cells */ = {
			isa = PBXGroup;
			children = (
				27AA5AD22299F8B90059D1A2 /* AgeTableViewCell.swift */,
			);
			path = Cells;
			sourceTree = "<group>";
		};
		27AA5AD32299F8B90059D1A2 /* Certificates */ = {
			isa = PBXGroup;
			children = (
				27AA5B26229DF7AA0059D1A2 /* Config.cer */,
				27AA5B27229DF7AA0059D1A2 /* Dev */,
			);
			path = Certificates;
			sourceTree = "<group>";
		};
		27AA5AD52299F8B90059D1A2 /* ViewControllers */ = {
			isa = PBXGroup;
			children = (
				27C257EB22A58B6600EFAA33 /* BaseViewController.swift */,
				27AA5AD62299F8B90059D1A2 /* RootViewController.swift */,
				27AA5ADA2299F8B90059D1A2 /* LoadingViewController.swift */,
				27C257E822A3138400EFAA33 /* UpgradeViewController.swift */,
				27AA5AD92299F8B90059D1A2 /* AgeViewController.swift */,
				27AA5AD82299F8B90059D1A2 /* AgesViewController.swift */,
				27AA5AD72299F8B90059D1A2 /* NewAgeViewController.swift */,
			);
			path = ViewControllers;
			sourceTree = "<group>";
		};
		27AA5ADB2299F8B90059D1A2 /* Storyboards */ = {
			isa = PBXGroup;
			children = (
				27AA5ADC2299F8B90059D1A2 /* LaunchScreen.storyboard */,
				27AA5ADE2299F8B90059D1A2 /* Main.storyboard */,
			);
			path = Storyboards;
			sourceTree = "<group>";
		};
		27AA5AF32299FB0E0059D1A2 /* Constants */ = {
			isa = PBXGroup;
			children = (
				27AA5AF42299FB0E0059D1A2 /* Constants.swift */,
				27AA5AF62299FB210059D1A2 /* Dev */,
			);
			path = Constants;
			sourceTree = "<group>";
		};
		27AA5AF62299FB210059D1A2 /* Dev */ = {
			isa = PBXGroup;
			children = (
				27AA5AF72299FB210059D1A2 /* Constants.swift */,
			);
			path = Dev;
			sourceTree = "<group>";
		};
		27AA5B162299FC530059D1A2 /* Dev */ = {
			isa = PBXGroup;
			children = (
				27AA5B172299FC530059D1A2 /* ExportOptions.plist */,
				27AA5B182299FC530059D1A2 /* Info.plist */,
			);
			path = Dev;
			sourceTree = "<group>";
		};
		27AA5B27229DF7AA0059D1A2 /* Dev */ = {
			isa = PBXGroup;
			children = (
				27AA5B28229DF7AA0059D1A2 /* Config.cer */,
			);
			path = Dev;
			sourceTree = "<group>";
		};
		27C257C8229F0CEA00EFAA33 /* Config */ = {
			isa = PBXGroup;
			children = (
				27C257C9229F0CEA00EFAA33 /* RemoteConfigManager.swift */,
			);
			path = Config;
			sourceTree = "<group>";
		};
		27C257D822A30A2E00EFAA33 /* Navigation */ = {
			isa = PBXGroup;
			children = (
				27C257DF22A30AA100EFAA33 /* ReplaceRootSegue.swift */,
				27C257E522A30B7800EFAA33 /* AppNavigationController.swift */,
			);
			path = Navigation;
			sourceTree = "<group>";
		};
/* End PBXGroup section */

/* Begin PBXHeadersBuildPhase section */
		27764FDF22CF214100C4B13D /* Headers */ = {
			isa = PBXHeadersBuildPhase;
			buildActionMask = 2147483647;
			files = (
				27764FE822CF214200C4B13D /* AgeData.h in Headers */,
			);
			runOnlyForDeploymentPostprocessing = 0;
		};
/* End PBXHeadersBuildPhase section */

/* Begin PBXNativeTarget section */
		274EC091226118CC00D5E263 /* Age */ = {
			isa = PBXNativeTarget;
			buildConfigurationList = 274EC0A7226118D000D5E263 /* Build configuration list for PBXNativeTarget "Age" */;
			buildPhases = (
				274EC08E226118CC00D5E263 /* Sources */,
				274EC08F226118CC00D5E263 /* Frameworks */,
				274EC090226118CC00D5E263 /* Resources */,
				27764F5922CF1AA100C4B13D /* Embed App Extensions */,
				27764FF022CF214200C4B13D /* Embed Frameworks */,
			);
			buildRules = (
			);
			dependencies = (
				27764F5422CF1AA100C4B13D /* PBXTargetDependency */,
				27764FEA22CF214200C4B13D /* PBXTargetDependency */,
			);
			name = Age;
			productName = Age;
			productReference = 274EC092226118CC00D5E263 /* Age.app */;
			productType = "com.apple.product-type.application";
		};
		27764F4722CF1AA100C4B13D /* Widget */ = {
			isa = PBXNativeTarget;
			buildConfigurationList = 27764F5822CF1AA100C4B13D /* Build configuration list for PBXNativeTarget "Widget" */;
			buildPhases = (
				27764F4422CF1AA100C4B13D /* Sources */,
				27764F4522CF1AA100C4B13D /* Frameworks */,
				27764F4622CF1AA100C4B13D /* Resources */,
			);
			buildRules = (
			);
			dependencies = (
			);
			name = Widget;
			productName = Widget;
			productReference = 27764F4822CF1AA100C4B13D /* Widget.appex */;
			productType = "com.apple.product-type.app-extension";
		};
		27764F5E22CF1ACC00C4B13D /* Widget Dev */ = {
			isa = PBXNativeTarget;
			buildConfigurationList = 27764F6522CF1ACC00C4B13D /* Build configuration list for PBXNativeTarget "Widget Dev" */;
			buildPhases = (
				27764F5F22CF1ACC00C4B13D /* Sources */,
				27764F6122CF1ACC00C4B13D /* Frameworks */,
				27764F6322CF1ACC00C4B13D /* Resources */,
			);
			buildRules = (
			);
			dependencies = (
			);
			name = "Widget Dev";
			productName = Widget;
			productReference = 27764F6822CF1ACC00C4B13D /* Widget Dev.appex */;
			productType = "com.apple.product-type.app-extension";
		};
		27764FE322CF214100C4B13D /* AgeData */ = {
			isa = PBXNativeTarget;
			buildConfigurationList = 27764FEF22CF214200C4B13D /* Build configuration list for PBXNativeTarget "AgeData" */;
			buildPhases = (
				27764FDF22CF214100C4B13D /* Headers */,
				27764FE022CF214100C4B13D /* Sources */,
				27764FE122CF214100C4B13D /* Frameworks */,
				27764FE222CF214100C4B13D /* Resources */,
			);
			buildRules = (
			);
			dependencies = (
			);
			name = AgeData;
			productName = AgeData;
			productReference = 27764FE422CF214100C4B13D /* AgeData.framework */;
			productType = "com.apple.product-type.framework";
		};
		27AA5AF82299FC090059D1A2 /* Age Dev */ = {
			isa = PBXNativeTarget;
			buildConfigurationList = 27AA5B112299FC090059D1A2 /* Build configuration list for PBXNativeTarget "Age Dev" */;
			buildPhases = (
				27AA5AF92299FC090059D1A2 /* Sources */,
				27AA5B0A2299FC090059D1A2 /* Frameworks */,
				27AA5B0B2299FC090059D1A2 /* Resources */,
				27764F6D22CF1AEB00C4B13D /* Embed App Extensions */,
				2776500A22CF23D600C4B13D /* Embed Frameworks */,
			);
			buildRules = (
			);
			dependencies = (
				27764F6C22CF1AEA00C4B13D /* PBXTargetDependency */,
				2776500922CF23D600C4B13D /* PBXTargetDependency */,
			);
			name = "Age Dev";
			productName = Age;
			productReference = 27AA5B142299FC090059D1A2 /* Age Dev.app */;
			productType = "com.apple.product-type.application";
		};
/* End PBXNativeTarget section */

/* Begin PBXProject section */
		274EC08A226118CC00D5E263 /* Project object */ = {
			isa = PBXProject;
			attributes = {
				LastSwiftUpdateCheck = 1020;
				LastUpgradeCheck = 1010;
				ORGANIZATIONNAME = "Amin Heidari";
				TargetAttributes = {
					274EC091226118CC00D5E263 = {
						CreatedOnToolsVersion = 10.1;
						SystemCapabilities = {
							com.apple.ApplicationGroups.iOS = {
								enabled = 1;
							};
							com.apple.InAppPurchase = {
								enabled = 1;
							};
						};
					};
					27764F4722CF1AA100C4B13D = {
						CreatedOnToolsVersion = 10.2.1;
						SystemCapabilities = {
							com.apple.ApplicationGroups.iOS = {
								enabled = 1;
							};
						};
					};
					27764F5E22CF1ACC00C4B13D = {
						SystemCapabilities = {
							com.apple.ApplicationGroups.iOS = {
								enabled = 1;
							};
						};
					};
					27764FE322CF214100C4B13D = {
						CreatedOnToolsVersion = 10.2.1;
						LastSwiftMigration = 1020;
					};
					27AA5AF82299FC090059D1A2 = {
						SystemCapabilities = {
							com.apple.ApplicationGroups.iOS = {
								enabled = 1;
							};
							com.apple.InAppPurchase = {
								enabled = 1;
							};
						};
					};
				};
			};
			buildConfigurationList = 274EC08D226118CC00D5E263 /* Build configuration list for PBXProject "Age" */;
			compatibilityVersion = "Xcode 9.3";
			developmentRegion = en;
			hasScannedForEncodings = 0;
			knownRegions = (
				en,
				Base,
			);
			mainGroup = 274EC089226118CC00D5E263;
			productRefGroup = 274EC093226118CC00D5E263 /* Products */;
			projectDirPath = "";
			projectRoot = "";
			targets = (
				274EC091226118CC00D5E263 /* Age */,
				27AA5AF82299FC090059D1A2 /* Age Dev */,
				27764F4722CF1AA100C4B13D /* Widget */,
				27764F5E22CF1ACC00C4B13D /* Widget Dev */,
				27764FE322CF214100C4B13D /* AgeData */,
			);
		};
/* End PBXProject section */

/* Begin PBXResourcesBuildPhase section */
		274EC090226118CC00D5E263 /* Resources */ = {
			isa = PBXResourcesBuildPhase;
			buildActionMask = 2147483647;
			files = (
				27AA5B29229DF7AA0059D1A2 /* Config.cer in Resources */,
				274EC0A0226118D000D5E263 /* Assets.xcassets in Resources */,
				27AA5AF22299F8B90059D1A2 /* Main.storyboard in Resources */,
				27AA5AF12299F8B90059D1A2 /* LaunchScreen.storyboard in Resources */,
			);
			runOnlyForDeploymentPostprocessing = 0;
		};
		27764F4622CF1AA100C4B13D /* Resources */ = {
			isa = PBXResourcesBuildPhase;
			buildActionMask = 2147483647;
			files = (
				27764F5122CF1AA100C4B13D /* MainInterface.storyboard in Resources */,
			);
			runOnlyForDeploymentPostprocessing = 0;
		};
		27764F6322CF1ACC00C4B13D /* Resources */ = {
			isa = PBXResourcesBuildPhase;
			buildActionMask = 2147483647;
			files = (
				27764F6422CF1ACC00C4B13D /* MainInterface.storyboard in Resources */,
			);
			runOnlyForDeploymentPostprocessing = 0;
		};
		27764FE222CF214100C4B13D /* Resources */ = {
			isa = PBXResourcesBuildPhase;
			buildActionMask = 2147483647;
			files = (
			);
			runOnlyForDeploymentPostprocessing = 0;
		};
		27AA5B0B2299FC090059D1A2 /* Resources */ = {
			isa = PBXResourcesBuildPhase;
			buildActionMask = 2147483647;
			files = (
				27AA5B0C2299FC090059D1A2 /* Assets.xcassets in Resources */,
				27AA5B0F2299FC090059D1A2 /* Main.storyboard in Resources */,
				27AA5B2C229DF7AA0059D1A2 /* Config.cer in Resources */,
				27AA5B102299FC090059D1A2 /* LaunchScreen.storyboard in Resources */,
			);
			runOnlyForDeploymentPostprocessing = 0;
		};
/* End PBXResourcesBuildPhase section */

/* Begin PBXSourcesBuildPhase section */
		274EC08E226118CC00D5E263 /* Sources */ = {
			isa = PBXSourcesBuildPhase;
			buildActionMask = 2147483647;
			files = (
				27C8C01722B875EC00C064D5 /* ObjectUtil.swift in Sources */,
				27C257EF22A58BC800EFAA33 /* ViewControllerUtil.swift in Sources */,
				2795732622DBE9750039E7E1 /* StoreKitManager.swift in Sources */,
				2795732922DBEC890039E7E1 /* StoreKitUtil.swift in Sources */,
				27AA5AE62299F8B90059D1A2 /* UserDefaultsUtil.swift in Sources */,
				27C257CA229F0CEA00EFAA33 /* RemoteConfigManager.swift in Sources */,
				27AA5AEF2299F8B90059D1A2 /* AgeViewController.swift in Sources */,
				27AA5AF02299F8B90059D1A2 /* LoadingViewController.swift in Sources */,
				27AA5AEC2299F8B90059D1A2 /* RootViewController.swift in Sources */,
				27AA5AED2299F8B90059D1A2 /* NewAgeViewController.swift in Sources */,
				27AA5AE52299F8B90059D1A2 /* ErrorUtil.swift in Sources */,
				27C257E622A30B7800EFAA33 /* AppNavigationController.swift in Sources */,
				27AA5AF52299FB0E0059D1A2 /* Constants.swift in Sources */,
				27AA5AEA2299F8B90059D1A2 /* AgeTableViewCell.swift in Sources */,
				274EC096226118CC00D5E263 /* AppDelegate.swift in Sources */,
				27AA5B3122A422EB0059D1A2 /* BundleUtil.swift in Sources */,
				2771407F22B4005100F4ED05 /* DateUtil.swift in Sources */,
				279D13A222B83858006B649E /* NavigationUtil.swift in Sources */,
				27C257E922A3138400EFAA33 /* UpgradeViewController.swift in Sources */,
				27C8C00D22B2D99D00C064D5 /* CallbackUtil.swift in Sources */,
				27AA5AE32299F8B90059D1A2 /* DatabaseManager.swift in Sources */,
				2789EA9A22D53595003BD427 /* DataUtil.swift in Sources */,
				27C257D622A2102600EFAA33 /* AppError.swift in Sources */,
				279D139F22B7DE22006B649E /* FontUtil.swift in Sources */,
				27AA5AE22299F8B90059D1A2 /* Age.xcdatamodeld in Sources */,
				27AA5AEE2299F8B90059D1A2 /* AgesViewController.swift in Sources */,
				27C257E022A30AA100EFAA33 /* ReplaceRootSegue.swift in Sources */,
				27C257EC22A58B6600EFAA33 /* BaseViewController.swift in Sources */,
				27C257D322A20F5200EFAA33 /* URLSessionUtil.swift in Sources */,
				27AA5B2E229DFD520059D1A2 /* CoreDataUtil.swift in Sources */,
				27AA5AE12299F8B90059D1A2 /* RemoteConfig.swift in Sources */,
				27C8C01022B3016800C064D5 /* StringUtil.swift in Sources */,
			);
			runOnlyForDeploymentPostprocessing = 0;
		};
		27764F4422CF1AA100C4B13D /* Sources */ = {
			isa = PBXSourcesBuildPhase;
			buildActionMask = 2147483647;
			files = (
				27764F4E22CF1AA100C4B13D /* TodayViewController.swift in Sources */,
				2776501922CF286000C4B13D /* Constants.swift in Sources */,
			);
			runOnlyForDeploymentPostprocessing = 0;
		};
		27764F5F22CF1ACC00C4B13D /* Sources */ = {
			isa = PBXSourcesBuildPhase;
			buildActionMask = 2147483647;
			files = (
				27764F6022CF1ACC00C4B13D /* TodayViewController.swift in Sources */,
				2776501A22CF286400C4B13D /* Constants.swift in Sources */,
			);
			runOnlyForDeploymentPostprocessing = 0;
		};
		27764FE022CF214100C4B13D /* Sources */ = {
			isa = PBXSourcesBuildPhase;
			buildActionMask = 2147483647;
			files = (
				2776501422CF267000C4B13D /* SuiteDefaultsUtil.swift in Sources */,
				2776501222CF258A00C4B13D /* Birthday.swift in Sources */,
				2776500D22CF24E200C4B13D /* AgeCalculator.swift in Sources */,
				2789EA9422D2CBE7003BD427 /* AppWidgetOverride.swift in Sources */,
				2776500522CF23BE00C4B13D /* BirthDate.swift in Sources */,
			);
			runOnlyForDeploymentPostprocessing = 0;
		};
		27AA5AF92299FC090059D1A2 /* Sources */ = {
			isa = PBXSourcesBuildPhase;
			buildActionMask = 2147483647;
			files = (
				27ABE05C22B92A9B009B60B4 /* ObjectUtil.swift in Sources */,
				27C257F022A58BC800EFAA33 /* ViewControllerUtil.swift in Sources */,
				2795732722DBE9750039E7E1 /* StoreKitManager.swift in Sources */,
				2795732A22DBEC890039E7E1 /* StoreKitUtil.swift in Sources */,
				27AA5AFA2299FC090059D1A2 /* UserDefaultsUtil.swift in Sources */,
				27C257CB229F0CEA00EFAA33 /* RemoteConfigManager.swift in Sources */,
				27AA5AFB2299FC090059D1A2 /* AgeViewController.swift in Sources */,
				27AA5AFC2299FC090059D1A2 /* LoadingViewController.swift in Sources */,
				27AA5AFD2299FC090059D1A2 /* RootViewController.swift in Sources */,
				27AA5AFE2299FC090059D1A2 /* NewAgeViewController.swift in Sources */,
				27AA5B002299FC090059D1A2 /* ErrorUtil.swift in Sources */,
				27C257E722A30B7800EFAA33 /* AppNavigationController.swift in Sources */,
				27AA5B1B2299FC640059D1A2 /* Constants.swift in Sources */,
				27AA5B022299FC090059D1A2 /* AgeTableViewCell.swift in Sources */,
				27AA5B032299FC090059D1A2 /* AppDelegate.swift in Sources */,
				27AA5B3222A422EB0059D1A2 /* BundleUtil.swift in Sources */,
				2771408022B4005100F4ED05 /* DateUtil.swift in Sources */,
				279D13A322B83858006B649E /* NavigationUtil.swift in Sources */,
				27C257EA22A3138400EFAA33 /* UpgradeViewController.swift in Sources */,
				27AA5B042299FC090059D1A2 /* DatabaseManager.swift in Sources */,
				27C257D722A2102600EFAA33 /* AppError.swift in Sources */,
				2789EA9B22D53595003BD427 /* DataUtil.swift in Sources */,
				27AA5B052299FC090059D1A2 /* Age.xcdatamodeld in Sources */,
				279D13A022B7DE22006B649E /* FontUtil.swift in Sources */,
				27C8C00E22B2DE1000C064D5 /* CallbackUtil.swift in Sources */,
				27AA5B062299FC090059D1A2 /* AgesViewController.swift in Sources */,
				27C257E122A30AA100EFAA33 /* ReplaceRootSegue.swift in Sources */,
				27C257ED22A58B6600EFAA33 /* BaseViewController.swift in Sources */,
				27C257D422A20F5200EFAA33 /* URLSessionUtil.swift in Sources */,
				27AA5B2F229DFD520059D1A2 /* CoreDataUtil.swift in Sources */,
				27AA5B092299FC090059D1A2 /* RemoteConfig.swift in Sources */,
				27C8C01122B3016800C064D5 /* StringUtil.swift in Sources */,
			);
			runOnlyForDeploymentPostprocessing = 0;
		};
/* End PBXSourcesBuildPhase section */

/* Begin PBXTargetDependency section */
		27764F5422CF1AA100C4B13D /* PBXTargetDependency */ = {
			isa = PBXTargetDependency;
			target = 27764F4722CF1AA100C4B13D /* Widget */;
			targetProxy = 27764F5322CF1AA100C4B13D /* PBXContainerItemProxy */;
		};
		27764F6C22CF1AEA00C4B13D /* PBXTargetDependency */ = {
			isa = PBXTargetDependency;
			target = 27764F5E22CF1ACC00C4B13D /* Widget Dev */;
			targetProxy = 27764F6B22CF1AEA00C4B13D /* PBXContainerItemProxy */;
		};
		27764FEA22CF214200C4B13D /* PBXTargetDependency */ = {
			isa = PBXTargetDependency;
			target = 27764FE322CF214100C4B13D /* AgeData */;
			targetProxy = 27764FE922CF214200C4B13D /* PBXContainerItemProxy */;
		};
		2776500922CF23D600C4B13D /* PBXTargetDependency */ = {
			isa = PBXTargetDependency;
			target = 27764FE322CF214100C4B13D /* AgeData */;
			targetProxy = 2776500822CF23D600C4B13D /* PBXContainerItemProxy */;
		};
/* End PBXTargetDependency section */

/* Begin PBXVariantGroup section */
		27764F4F22CF1AA100C4B13D /* MainInterface.storyboard */ = {
			isa = PBXVariantGroup;
			children = (
				27764F5022CF1AA100C4B13D /* Base */,
			);
			name = MainInterface.storyboard;
			sourceTree = "<group>";
		};
		27AA5ADC2299F8B90059D1A2 /* LaunchScreen.storyboard */ = {
			isa = PBXVariantGroup;
			children = (
				27AA5ADD2299F8B90059D1A2 /* Base */,
			);
			name = LaunchScreen.storyboard;
			sourceTree = "<group>";
		};
		27AA5ADE2299F8B90059D1A2 /* Main.storyboard */ = {
			isa = PBXVariantGroup;
			children = (
				27AA5ADF2299F8B90059D1A2 /* Base */,
			);
			name = Main.storyboard;
			sourceTree = "<group>";
		};
/* End PBXVariantGroup section */

/* Begin XCBuildConfiguration section */
		274EC0A5226118D000D5E263 /* Debug */ = {
			isa = XCBuildConfiguration;
			buildSettings = {
				ALWAYS_SEARCH_USER_PATHS = NO;
				CLANG_ANALYZER_NONNULL = YES;
				CLANG_ANALYZER_NUMBER_OBJECT_CONVERSION = YES_AGGRESSIVE;
				CLANG_CXX_LANGUAGE_STANDARD = "gnu++14";
				CLANG_CXX_LIBRARY = "libc++";
				CLANG_ENABLE_MODULES = YES;
				CLANG_ENABLE_OBJC_ARC = YES;
				CLANG_ENABLE_OBJC_WEAK = YES;
				CLANG_WARN_BLOCK_CAPTURE_AUTORELEASING = YES;
				CLANG_WARN_BOOL_CONVERSION = YES;
				CLANG_WARN_COMMA = YES;
				CLANG_WARN_CONSTANT_CONVERSION = YES;
				CLANG_WARN_DEPRECATED_OBJC_IMPLEMENTATIONS = YES;
				CLANG_WARN_DIRECT_OBJC_ISA_USAGE = YES_ERROR;
				CLANG_WARN_DOCUMENTATION_COMMENTS = YES;
				CLANG_WARN_EMPTY_BODY = YES;
				CLANG_WARN_ENUM_CONVERSION = YES;
				CLANG_WARN_INFINITE_RECURSION = YES;
				CLANG_WARN_INT_CONVERSION = YES;
				CLANG_WARN_NON_LITERAL_NULL_CONVERSION = YES;
				CLANG_WARN_OBJC_IMPLICIT_RETAIN_SELF = YES;
				CLANG_WARN_OBJC_LITERAL_CONVERSION = YES;
				CLANG_WARN_OBJC_ROOT_CLASS = YES_ERROR;
				CLANG_WARN_RANGE_LOOP_ANALYSIS = YES;
				CLANG_WARN_STRICT_PROTOTYPES = YES;
				CLANG_WARN_SUSPICIOUS_MOVE = YES;
				CLANG_WARN_UNGUARDED_AVAILABILITY = YES_AGGRESSIVE;
				CLANG_WARN_UNREACHABLE_CODE = YES;
				CLANG_WARN__DUPLICATE_METHOD_MATCH = YES;
				CODE_SIGN_IDENTITY = "iPhone Developer";
				COPY_PHASE_STRIP = NO;
				DEBUG_INFORMATION_FORMAT = dwarf;
				ENABLE_STRICT_OBJC_MSGSEND = YES;
				ENABLE_TESTABILITY = YES;
				GCC_C_LANGUAGE_STANDARD = gnu11;
				GCC_DYNAMIC_NO_PIC = NO;
				GCC_NO_COMMON_BLOCKS = YES;
				GCC_OPTIMIZATION_LEVEL = 0;
				GCC_PREPROCESSOR_DEFINITIONS = (
					"DEBUG=1",
					"$(inherited)",
				);
				GCC_WARN_64_TO_32_BIT_CONVERSION = YES;
				GCC_WARN_ABOUT_RETURN_TYPE = YES_ERROR;
				GCC_WARN_UNDECLARED_SELECTOR = YES;
				GCC_WARN_UNINITIALIZED_AUTOS = YES_AGGRESSIVE;
				GCC_WARN_UNUSED_FUNCTION = YES;
				GCC_WARN_UNUSED_VARIABLE = YES;
				INFOPLIST_FILE = Age/Plists/Info.plist;
				IPHONEOS_DEPLOYMENT_TARGET = 11.0;
				MTL_ENABLE_DEBUG_INFO = INCLUDE_SOURCE;
				MTL_FAST_MATH = YES;
				ONLY_ACTIVE_ARCH = YES;
				SDKROOT = iphoneos;
				SWIFT_ACTIVE_COMPILATION_CONDITIONS = DEBUG;
				SWIFT_OPTIMIZATION_LEVEL = "-Onone";
			};
			name = Debug;
		};
		274EC0A6226118D000D5E263 /* Release */ = {
			isa = XCBuildConfiguration;
			buildSettings = {
				ALWAYS_SEARCH_USER_PATHS = NO;
				CLANG_ANALYZER_NONNULL = YES;
				CLANG_ANALYZER_NUMBER_OBJECT_CONVERSION = YES_AGGRESSIVE;
				CLANG_CXX_LANGUAGE_STANDARD = "gnu++14";
				CLANG_CXX_LIBRARY = "libc++";
				CLANG_ENABLE_MODULES = YES;
				CLANG_ENABLE_OBJC_ARC = YES;
				CLANG_ENABLE_OBJC_WEAK = YES;
				CLANG_WARN_BLOCK_CAPTURE_AUTORELEASING = YES;
				CLANG_WARN_BOOL_CONVERSION = YES;
				CLANG_WARN_COMMA = YES;
				CLANG_WARN_CONSTANT_CONVERSION = YES;
				CLANG_WARN_DEPRECATED_OBJC_IMPLEMENTATIONS = YES;
				CLANG_WARN_DIRECT_OBJC_ISA_USAGE = YES_ERROR;
				CLANG_WARN_DOCUMENTATION_COMMENTS = YES;
				CLANG_WARN_EMPTY_BODY = YES;
				CLANG_WARN_ENUM_CONVERSION = YES;
				CLANG_WARN_INFINITE_RECURSION = YES;
				CLANG_WARN_INT_CONVERSION = YES;
				CLANG_WARN_NON_LITERAL_NULL_CONVERSION = YES;
				CLANG_WARN_OBJC_IMPLICIT_RETAIN_SELF = YES;
				CLANG_WARN_OBJC_LITERAL_CONVERSION = YES;
				CLANG_WARN_OBJC_ROOT_CLASS = YES_ERROR;
				CLANG_WARN_RANGE_LOOP_ANALYSIS = YES;
				CLANG_WARN_STRICT_PROTOTYPES = YES;
				CLANG_WARN_SUSPICIOUS_MOVE = YES;
				CLANG_WARN_UNGUARDED_AVAILABILITY = YES_AGGRESSIVE;
				CLANG_WARN_UNREACHABLE_CODE = YES;
				CLANG_WARN__DUPLICATE_METHOD_MATCH = YES;
				CODE_SIGN_IDENTITY = "iPhone Developer";
				COPY_PHASE_STRIP = NO;
				DEBUG_INFORMATION_FORMAT = "dwarf-with-dsym";
				ENABLE_NS_ASSERTIONS = NO;
				ENABLE_STRICT_OBJC_MSGSEND = YES;
				GCC_C_LANGUAGE_STANDARD = gnu11;
				GCC_NO_COMMON_BLOCKS = YES;
				GCC_WARN_64_TO_32_BIT_CONVERSION = YES;
				GCC_WARN_ABOUT_RETURN_TYPE = YES_ERROR;
				GCC_WARN_UNDECLARED_SELECTOR = YES;
				GCC_WARN_UNINITIALIZED_AUTOS = YES_AGGRESSIVE;
				GCC_WARN_UNUSED_FUNCTION = YES;
				GCC_WARN_UNUSED_VARIABLE = YES;
				INFOPLIST_FILE = Age/Plists/Info.plist;
				IPHONEOS_DEPLOYMENT_TARGET = 11.0;
				MTL_ENABLE_DEBUG_INFO = NO;
				MTL_FAST_MATH = YES;
				SDKROOT = iphoneos;
				SWIFT_COMPILATION_MODE = wholemodule;
				SWIFT_OPTIMIZATION_LEVEL = "-O";
				VALIDATE_PRODUCT = YES;
			};
			name = Release;
		};
		274EC0A8226118D000D5E263 /* Debug */ = {
			isa = XCBuildConfiguration;
			buildSettings = {
				ALWAYS_EMBED_SWIFT_STANDARD_LIBRARIES = YES;
				ASSETCATALOG_COMPILER_APPICON_NAME = AppIcon;
				CODE_SIGN_ENTITLEMENTS = Age/Entitlements/Age.entitlements;
				CODE_SIGN_STYLE = Automatic;
				DEVELOPMENT_TEAM = T25FTV2NX7;
				LD_RUNPATH_SEARCH_PATHS = (
					"$(inherited)",
					"@executable_path/Frameworks",
				);
				PRODUCT_BUNDLE_IDENTIFIER = com.aminheidari.Age;
				PRODUCT_NAME = "$(TARGET_NAME)";
				SWIFT_VERSION = 4.2;
				TARGETED_DEVICE_FAMILY = "1,2";
			};
			name = Debug;
		};
		274EC0A9226118D000D5E263 /* Release */ = {
			isa = XCBuildConfiguration;
			buildSettings = {
				ALWAYS_EMBED_SWIFT_STANDARD_LIBRARIES = YES;
				ASSETCATALOG_COMPILER_APPICON_NAME = AppIcon;
				CODE_SIGN_ENTITLEMENTS = Age/Entitlements/Age.entitlements;
				CODE_SIGN_STYLE = Automatic;
				DEVELOPMENT_TEAM = T25FTV2NX7;
				LD_RUNPATH_SEARCH_PATHS = (
					"$(inherited)",
					"@executable_path/Frameworks",
				);
				PRODUCT_BUNDLE_IDENTIFIER = com.aminheidari.Age;
				PRODUCT_NAME = "$(TARGET_NAME)";
				SWIFT_VERSION = 4.2;
				TARGETED_DEVICE_FAMILY = "1,2";
			};
			name = Release;
		};
		27764F5622CF1AA100C4B13D /* Debug */ = {
			isa = XCBuildConfiguration;
			buildSettings = {
				CODE_SIGN_ENTITLEMENTS = Widget/Entitlements/Widget.entitlements;
				CODE_SIGN_STYLE = Automatic;
				DEVELOPMENT_TEAM = T25FTV2NX7;
				INFOPLIST_FILE = Widget/Plists/Info.plist;
				IPHONEOS_DEPLOYMENT_TARGET = 11.0;
				LD_RUNPATH_SEARCH_PATHS = (
					"$(inherited)",
					"@executable_path/Frameworks",
					"@executable_path/../../Frameworks",
				);
				PRODUCT_BUNDLE_IDENTIFIER = com.aminheidari.Age.widget;
				PRODUCT_NAME = "$(TARGET_NAME)";
				SKIP_INSTALL = YES;
				SWIFT_VERSION = 4.2;
				TARGETED_DEVICE_FAMILY = "1,2";
			};
			name = Debug;
		};
		27764F5722CF1AA100C4B13D /* Release */ = {
			isa = XCBuildConfiguration;
			buildSettings = {
				CODE_SIGN_ENTITLEMENTS = Widget/Entitlements/Widget.entitlements;
				CODE_SIGN_STYLE = Automatic;
				DEVELOPMENT_TEAM = T25FTV2NX7;
				INFOPLIST_FILE = Widget/Plists/Info.plist;
				IPHONEOS_DEPLOYMENT_TARGET = 11.0;
				LD_RUNPATH_SEARCH_PATHS = (
					"$(inherited)",
					"@executable_path/Frameworks",
					"@executable_path/../../Frameworks",
				);
				PRODUCT_BUNDLE_IDENTIFIER = com.aminheidari.Age.widget;
				PRODUCT_NAME = "$(TARGET_NAME)";
				SKIP_INSTALL = YES;
				SWIFT_VERSION = 4.2;
				TARGETED_DEVICE_FAMILY = "1,2";
			};
			name = Release;
		};
		27764F6622CF1ACC00C4B13D /* Debug */ = {
			isa = XCBuildConfiguration;
			buildSettings = {
				CODE_SIGN_ENTITLEMENTS = Widget/Entitlements/Dev/Widget.entitlements;
				CODE_SIGN_STYLE = Automatic;
				DEVELOPMENT_TEAM = T25FTV2NX7;
				INFOPLIST_FILE = Widget/Plists/Dev/Info.plist;
				IPHONEOS_DEPLOYMENT_TARGET = 11.0;
				LD_RUNPATH_SEARCH_PATHS = (
					"$(inherited)",
					"@executable_path/Frameworks",
					"@executable_path/../../Frameworks",
				);
				PRODUCT_BUNDLE_IDENTIFIER = com.aminheidari.Age.dev.widget;
				PRODUCT_NAME = "$(TARGET_NAME)";
				SKIP_INSTALL = YES;
				SWIFT_VERSION = 4.2;
				TARGETED_DEVICE_FAMILY = "1,2";
			};
			name = Debug;
		};
		27764F6722CF1ACC00C4B13D /* Release */ = {
			isa = XCBuildConfiguration;
			buildSettings = {
				CODE_SIGN_ENTITLEMENTS = Widget/Entitlements/Dev/Widget.entitlements;
				CODE_SIGN_STYLE = Automatic;
				DEVELOPMENT_TEAM = T25FTV2NX7;
				INFOPLIST_FILE = Widget/Plists/Dev/Info.plist;
				IPHONEOS_DEPLOYMENT_TARGET = 11.0;
				LD_RUNPATH_SEARCH_PATHS = (
					"$(inherited)",
					"@executable_path/Frameworks",
					"@executable_path/../../Frameworks",
				);
				PRODUCT_BUNDLE_IDENTIFIER = com.aminheidari.Age.dev.widget;
				PRODUCT_NAME = "$(TARGET_NAME)";
				SKIP_INSTALL = YES;
				SWIFT_VERSION = 4.2;
				TARGETED_DEVICE_FAMILY = "1,2";
			};
			name = Release;
		};
		27764FED22CF214200C4B13D /* Debug */ = {
			isa = XCBuildConfiguration;
			buildSettings = {
				CLANG_ENABLE_MODULES = YES;
				CODE_SIGN_IDENTITY = "";
				CODE_SIGN_STYLE = Automatic;
				CURRENT_PROJECT_VERSION = 1;
				DEFINES_MODULE = YES;
				DEVELOPMENT_TEAM = T25FTV2NX7;
				DYLIB_COMPATIBILITY_VERSION = 1;
				DYLIB_CURRENT_VERSION = 1;
				DYLIB_INSTALL_NAME_BASE = "@rpath";
				INFOPLIST_FILE = AgeData/Info.plist;
				INSTALL_PATH = "$(LOCAL_LIBRARY_DIR)/Frameworks";
				IPHONEOS_DEPLOYMENT_TARGET = 11.0;
				LD_RUNPATH_SEARCH_PATHS = (
					"$(inherited)",
					"@executable_path/Frameworks",
					"@loader_path/Frameworks",
				);
				PRODUCT_BUNDLE_IDENTIFIER = com.aminheidari.Age.Data;
				PRODUCT_NAME = "$(TARGET_NAME:c99extidentifier)";
				SKIP_INSTALL = YES;
				SWIFT_OPTIMIZATION_LEVEL = "-Onone";
				SWIFT_VERSION = 4.2;
				TARGETED_DEVICE_FAMILY = "1,2";
				VERSIONING_SYSTEM = "apple-generic";
				VERSION_INFO_PREFIX = "";
			};
			name = Debug;
		};
		27764FEE22CF214200C4B13D /* Release */ = {
			isa = XCBuildConfiguration;
			buildSettings = {
				CLANG_ENABLE_MODULES = YES;
				CODE_SIGN_IDENTITY = "";
				CODE_SIGN_STYLE = Automatic;
				CURRENT_PROJECT_VERSION = 1;
				DEFINES_MODULE = YES;
				DEVELOPMENT_TEAM = T25FTV2NX7;
				DYLIB_COMPATIBILITY_VERSION = 1;
				DYLIB_CURRENT_VERSION = 1;
				DYLIB_INSTALL_NAME_BASE = "@rpath";
				INFOPLIST_FILE = AgeData/Info.plist;
				INSTALL_PATH = "$(LOCAL_LIBRARY_DIR)/Frameworks";
				IPHONEOS_DEPLOYMENT_TARGET = 11.0;
				LD_RUNPATH_SEARCH_PATHS = (
					"$(inherited)",
					"@executable_path/Frameworks",
					"@loader_path/Frameworks",
				);
				PRODUCT_BUNDLE_IDENTIFIER = com.aminheidari.Age.Data;
				PRODUCT_NAME = "$(TARGET_NAME:c99extidentifier)";
				SKIP_INSTALL = YES;
				SWIFT_VERSION = 4.2;
				TARGETED_DEVICE_FAMILY = "1,2";
				VERSIONING_SYSTEM = "apple-generic";
				VERSION_INFO_PREFIX = "";
			};
			name = Release;
		};
		27AA5B122299FC090059D1A2 /* Debug */ = {
			isa = XCBuildConfiguration;
			buildSettings = {
				ALWAYS_EMBED_SWIFT_STANDARD_LIBRARIES = YES;
				ASSETCATALOG_COMPILER_APPICON_NAME = AppIcon;
				CODE_SIGN_ENTITLEMENTS = Age/Entitlements/Dev/Age.entitlements;
				CODE_SIGN_STYLE = Automatic;
				DEVELOPMENT_TEAM = T25FTV2NX7;
				INFOPLIST_FILE = Age/Plists/Dev/Info.plist;
				LD_RUNPATH_SEARCH_PATHS = (
					"$(inherited)",
					"@executable_path/Frameworks",
				);
				PRODUCT_BUNDLE_IDENTIFIER = com.aminheidari.Age.dev;
				PRODUCT_NAME = "$(TARGET_NAME)";
				SWIFT_VERSION = 4.2;
				TARGETED_DEVICE_FAMILY = "1,2";
			};
			name = Debug;
		};
		27AA5B132299FC090059D1A2 /* Release */ = {
			isa = XCBuildConfiguration;
			buildSettings = {
				ALWAYS_EMBED_SWIFT_STANDARD_LIBRARIES = YES;
				ASSETCATALOG_COMPILER_APPICON_NAME = AppIcon;
				CODE_SIGN_ENTITLEMENTS = Age/Entitlements/Dev/Age.entitlements;
				CODE_SIGN_STYLE = Automatic;
				DEVELOPMENT_TEAM = T25FTV2NX7;
				INFOPLIST_FILE = Age/Plists/Dev/Info.plist;
				LD_RUNPATH_SEARCH_PATHS = (
					"$(inherited)",
					"@executable_path/Frameworks",
				);
				PRODUCT_BUNDLE_IDENTIFIER = com.aminheidari.Age.dev;
				PRODUCT_NAME = "$(TARGET_NAME)";
				SWIFT_VERSION = 4.2;
				TARGETED_DEVICE_FAMILY = "1,2";
			};
			name = Release;
		};
/* End XCBuildConfiguration section */

/* Begin XCConfigurationList section */
		274EC08D226118CC00D5E263 /* Build configuration list for PBXProject "Age" */ = {
			isa = XCConfigurationList;
			buildConfigurations = (
				274EC0A5226118D000D5E263 /* Debug */,
				274EC0A6226118D000D5E263 /* Release */,
			);
			defaultConfigurationIsVisible = 0;
			defaultConfigurationName = Release;
		};
		274EC0A7226118D000D5E263 /* Build configuration list for PBXNativeTarget "Age" */ = {
			isa = XCConfigurationList;
			buildConfigurations = (
				274EC0A8226118D000D5E263 /* Debug */,
				274EC0A9226118D000D5E263 /* Release */,
			);
			defaultConfigurationIsVisible = 0;
			defaultConfigurationName = Release;
		};
		27764F5822CF1AA100C4B13D /* Build configuration list for PBXNativeTarget "Widget" */ = {
			isa = XCConfigurationList;
			buildConfigurations = (
				27764F5622CF1AA100C4B13D /* Debug */,
				27764F5722CF1AA100C4B13D /* Release */,
			);
			defaultConfigurationIsVisible = 0;
			defaultConfigurationName = Release;
		};
		27764F6522CF1ACC00C4B13D /* Build configuration list for PBXNativeTarget "Widget Dev" */ = {
			isa = XCConfigurationList;
			buildConfigurations = (
				27764F6622CF1ACC00C4B13D /* Debug */,
				27764F6722CF1ACC00C4B13D /* Release */,
			);
			defaultConfigurationIsVisible = 0;
			defaultConfigurationName = Release;
		};
		27764FEF22CF214200C4B13D /* Build configuration list for PBXNativeTarget "AgeData" */ = {
			isa = XCConfigurationList;
			buildConfigurations = (
				27764FED22CF214200C4B13D /* Debug */,
				27764FEE22CF214200C4B13D /* Release */,
			);
			defaultConfigurationIsVisible = 0;
			defaultConfigurationName = Release;
		};
		27AA5B112299FC090059D1A2 /* Build configuration list for PBXNativeTarget "Age Dev" */ = {
			isa = XCConfigurationList;
			buildConfigurations = (
				27AA5B122299FC090059D1A2 /* Debug */,
				27AA5B132299FC090059D1A2 /* Release */,
			);
			defaultConfigurationIsVisible = 0;
			defaultConfigurationName = Release;
		};
/* End XCConfigurationList section */

/* Begin XCVersionGroup section */
		27AA5AC52299F8B80059D1A2 /* Age.xcdatamodeld */ = {
			isa = XCVersionGroup;
			children = (
				27AA5AC62299F8B80059D1A2 /* Age.xcdatamodel */,
			);
			currentVersion = 27AA5AC62299F8B80059D1A2 /* Age.xcdatamodel */;
			path = Age.xcdatamodeld;
			sourceTree = "<group>";
			versionGroupType = wrapper.xcdatamodel;
		};
/* End XCVersionGroup section */
	};
	rootObject = 274EC08A226118CC00D5E263 /* Project object */;
}
