// !$*UTF8*$!
{
	archiveVersion = 1;
	classes = {
	};
	objectVersion = 50;
	objects = {

/* Begin PBXBuildFile section */
		274EC096226118CC00D5E263 /* AppDelegate.swift in Sources */ = {isa = PBXBuildFile; fileRef = 274EC095226118CC00D5E263 /* AppDelegate.swift */; };
		274EC09B226118CC00D5E263 /* Main.storyboard in Resources */ = {isa = PBXBuildFile; fileRef = 274EC099226118CC00D5E263 /* Main.storyboard */; };
		274EC09E226118CC00D5E263 /* Age.xcdatamodeld in Sources */ = {isa = PBXBuildFile; fileRef = 274EC09C226118CC00D5E263 /* Age.xcdatamodeld */; };
		274EC0A0226118D000D5E263 /* Assets.xcassets in Resources */ = {isa = PBXBuildFile; fileRef = 274EC09F226118D000D5E263 /* Assets.xcassets */; };
		274EC0A3226118D000D5E263 /* LaunchScreen.storyboard in Resources */ = {isa = PBXBuildFile; fileRef = 274EC0A1226118D000D5E263 /* LaunchScreen.storyboard */; };
		2780C48D228F8EAF00C706CE /* AgesViewController.swift in Sources */ = {isa = PBXBuildFile; fileRef = 2780C48C228F8EAF00C706CE /* AgesViewController.swift */; };
		2780C48F228F8FB100C706CE /* AgeTableViewCell.swift in Sources */ = {isa = PBXBuildFile; fileRef = 2780C48E228F8FB100C706CE /* AgeTableViewCell.swift */; };
		2780C491228F91D200C706CE /* CoreDataUtils.swift in Sources */ = {isa = PBXBuildFile; fileRef = 2780C490228F91D200C706CE /* CoreDataUtils.swift */; };
		2780C493228F98C300C706CE /* NewAgeViewController.swift in Sources */ = {isa = PBXBuildFile; fileRef = 2780C492228F98C300C706CE /* NewAgeViewController.swift */; };
		2780C495229231D100C706CE /* RemoteConfigManager.swift in Sources */ = {isa = PBXBuildFile; fileRef = 2780C494229231D100C706CE /* RemoteConfigManager.swift */; };
		2780C49B2292352800C706CE /* Constants.swift in Sources */ = {isa = PBXBuildFile; fileRef = 2780C49A2292352800C706CE /* Constants.swift */; };
		2780C49D2292357700C706CE /* RemoteConfig.swift in Sources */ = {isa = PBXBuildFile; fileRef = 2780C49C2292357700C706CE /* RemoteConfig.swift */; };
		2780C49F22926E1A00C706CE /* LoadingViewController.swift in Sources */ = {isa = PBXBuildFile; fileRef = 2780C49E22926E1A00C706CE /* LoadingViewController.swift */; };
		2780C4A3229629A300C706CE /* ConfigCert.cer in Resources */ = {isa = PBXBuildFile; fileRef = 2780C4A2229629A300C706CE /* ConfigCert.cer */; };
		2780C4A52296E20D00C706CE /* ErrorUtil.swift in Sources */ = {isa = PBXBuildFile; fileRef = 2780C4A42296E20D00C706CE /* ErrorUtil.swift */; };
		27A3CA57226C403500577985 /* DatabaseManager.swift in Sources */ = {isa = PBXBuildFile; fileRef = 27A3CA56226C403500577985 /* DatabaseManager.swift */; };
		27A3CA59226CEACE00577985 /* UserDefaultsUtil.swift in Sources */ = {isa = PBXBuildFile; fileRef = 27A3CA58226CEACE00577985 /* UserDefaultsUtil.swift */; };
		27A3CA5D226D779A00577985 /* Birthday.swift in Sources */ = {isa = PBXBuildFile; fileRef = 27A3CA5C226D779A00577985 /* Birthday.swift */; };
/* End PBXBuildFile section */

/* Begin PBXFileReference section */
		274EC092226118CC00D5E263 /* Age.app */ = {isa = PBXFileReference; explicitFileType = wrapper.application; includeInIndex = 0; path = Age.app; sourceTree = BUILT_PRODUCTS_DIR; };
		274EC095226118CC00D5E263 /* AppDelegate.swift */ = {isa = PBXFileReference; lastKnownFileType = sourcecode.swift; path = AppDelegate.swift; sourceTree = "<group>"; };
		274EC09A226118CC00D5E263 /* Base */ = {isa = PBXFileReference; lastKnownFileType = file.storyboard; name = Base; path = Base.lproj/Main.storyboard; sourceTree = "<group>"; };
		274EC09D226118CC00D5E263 /* Age.xcdatamodel */ = {isa = PBXFileReference; lastKnownFileType = wrapper.xcdatamodel; path = Age.xcdatamodel; sourceTree = "<group>"; };
		274EC09F226118D000D5E263 /* Assets.xcassets */ = {isa = PBXFileReference; lastKnownFileType = folder.assetcatalog; path = Assets.xcassets; sourceTree = "<group>"; };
		274EC0A2226118D000D5E263 /* Base */ = {isa = PBXFileReference; lastKnownFileType = file.storyboard; name = Base; path = Base.lproj/LaunchScreen.storyboard; sourceTree = "<group>"; };
		274EC0A4226118D000D5E263 /* Info.plist */ = {isa = PBXFileReference; lastKnownFileType = text.plist.xml; path = Info.plist; sourceTree = "<group>"; };
		2780C48C228F8EAF00C706CE /* AgesViewController.swift */ = {isa = PBXFileReference; fileEncoding = 4; lastKnownFileType = sourcecode.swift; path = AgesViewController.swift; sourceTree = "<group>"; };
		2780C48E228F8FB100C706CE /* AgeTableViewCell.swift */ = {isa = PBXFileReference; lastKnownFileType = sourcecode.swift; path = AgeTableViewCell.swift; sourceTree = "<group>"; };
		2780C490228F91D200C706CE /* CoreDataUtils.swift */ = {isa = PBXFileReference; lastKnownFileType = sourcecode.swift; path = CoreDataUtils.swift; sourceTree = "<group>"; };
		2780C492228F98C300C706CE /* NewAgeViewController.swift */ = {isa = PBXFileReference; lastKnownFileType = sourcecode.swift; path = NewAgeViewController.swift; sourceTree = "<group>"; };
		2780C494229231D100C706CE /* RemoteConfigManager.swift */ = {isa = PBXFileReference; lastKnownFileType = sourcecode.swift; path = RemoteConfigManager.swift; sourceTree = "<group>"; };
		2780C49A2292352800C706CE /* Constants.swift */ = {isa = PBXFileReference; lastKnownFileType = sourcecode.swift; path = Constants.swift; sourceTree = "<group>"; };
		2780C49C2292357700C706CE /* RemoteConfig.swift */ = {isa = PBXFileReference; lastKnownFileType = sourcecode.swift; path = RemoteConfig.swift; sourceTree = "<group>"; };
		2780C49E22926E1A00C706CE /* LoadingViewController.swift */ = {isa = PBXFileReference; lastKnownFileType = sourcecode.swift; path = LoadingViewController.swift; sourceTree = "<group>"; };
		2780C4A2229629A300C706CE /* ConfigCert.cer */ = {isa = PBXFileReference; lastKnownFileType = file; path = ConfigCert.cer; sourceTree = "<group>"; };
		2780C4A42296E20D00C706CE /* ErrorUtil.swift */ = {isa = PBXFileReference; lastKnownFileType = sourcecode.swift; path = ErrorUtil.swift; sourceTree = "<group>"; };
		27A3CA56226C403500577985 /* DatabaseManager.swift */ = {isa = PBXFileReference; lastKnownFileType = sourcecode.swift; path = DatabaseManager.swift; sourceTree = "<group>"; };
		27A3CA58226CEACE00577985 /* UserDefaultsUtil.swift */ = {isa = PBXFileReference; lastKnownFileType = sourcecode.swift; path = UserDefaultsUtil.swift; sourceTree = "<group>"; };
		27A3CA5C226D779A00577985 /* Birthday.swift */ = {isa = PBXFileReference; lastKnownFileType = sourcecode.swift; path = Birthday.swift; sourceTree = "<group>"; };
/* End PBXFileReference section */

/* Begin PBXFrameworksBuildPhase section */
		274EC08F226118CC00D5E263 /* Frameworks */ = {
			isa = PBXFrameworksBuildPhase;
			buildActionMask = 2147483647;
			files = (
			);
			runOnlyForDeploymentPostprocessing = 0;
		};
/* End PBXFrameworksBuildPhase section */

/* Begin PBXGroup section */
		274EC089226118CC00D5E263 = {
			isa = PBXGroup;
			children = (
				274EC094226118CC00D5E263 /* Age */,
				274EC093226118CC00D5E263 /* Products */,
			);
			sourceTree = "<group>";
		};
		274EC093226118CC00D5E263 /* Products */ = {
			isa = PBXGroup;
			children = (
				274EC092226118CC00D5E263 /* Age.app */,
			);
			name = Products;
			sourceTree = "<group>";
		};
		274EC094226118CC00D5E263 /* Age */ = {
			isa = PBXGroup;
			children = (
				274EC095226118CC00D5E263 /* AppDelegate.swift */,
				27A3CA56226C403500577985 /* DatabaseManager.swift */,
				2780C490228F91D200C706CE /* CoreDataUtils.swift */,
				2780C49E22926E1A00C706CE /* LoadingViewController.swift */,
				2780C48C228F8EAF00C706CE /* AgesViewController.swift */,
				2780C492228F98C300C706CE /* NewAgeViewController.swift */,
				2780C48E228F8FB100C706CE /* AgeTableViewCell.swift */,
				27A3CA58226CEACE00577985 /* UserDefaultsUtil.swift */,
				2780C4A42296E20D00C706CE /* ErrorUtil.swift */,
				27A3CA5C226D779A00577985 /* Birthday.swift */,
				2780C49C2292357700C706CE /* RemoteConfig.swift */,
				2780C494229231D100C706CE /* RemoteConfigManager.swift */,
				2780C49A2292352800C706CE /* Constants.swift */,
				274EC099226118CC00D5E263 /* Main.storyboard */,
				274EC09F226118D000D5E263 /* Assets.xcassets */,
				274EC0A1226118D000D5E263 /* LaunchScreen.storyboard */,
				2780C4A2229629A300C706CE /* ConfigCert.cer */,
				274EC0A4226118D000D5E263 /* Info.plist */,
				274EC09C226118CC00D5E263 /* Age.xcdatamodeld */,
			);
			path = Age;
			sourceTree = "<group>";
		};
/* End PBXGroup section */

/* Begin PBXNativeTarget section */
		274EC091226118CC00D5E263 /* Age */ = {
			isa = PBXNativeTarget;
			buildConfigurationList = 274EC0A7226118D000D5E263 /* Build configuration list for PBXNativeTarget "Age" */;
			buildPhases = (
				274EC08E226118CC00D5E263 /* Sources */,
				274EC08F226118CC00D5E263 /* Frameworks */,
				274EC090226118CC00D5E263 /* Resources */,
			);
			buildRules = (
			);
			dependencies = (
			);
			name = Age;
			productName = Age;
			productReference = 274EC092226118CC00D5E263 /* Age.app */;
			productType = "com.apple.product-type.application";
		};
/* End PBXNativeTarget section */

/* Begin PBXProject section */
		274EC08A226118CC00D5E263 /* Project object */ = {
			isa = PBXProject;
			attributes = {
				LastSwiftUpdateCheck = 1010;
				LastUpgradeCheck = 1010;
				ORGANIZATIONNAME = "Amin Heidari";
				TargetAttributes = {
					274EC091226118CC00D5E263 = {
						CreatedOnToolsVersion = 10.1;
					};
				};
			};
			buildConfigurationList = 274EC08D226118CC00D5E263 /* Build configuration list for PBXProject "Age" */;
			compatibilityVersion = "Xcode 9.3";
			developmentRegion = en;
			hasScannedForEncodings = 0;
			knownRegions = (
				en,
				Base,
			);
			mainGroup = 274EC089226118CC00D5E263;
			productRefGroup = 274EC093226118CC00D5E263 /* Products */;
			projectDirPath = "";
			projectRoot = "";
			targets = (
				274EC091226118CC00D5E263 /* Age */,
			);
		};
/* End PBXProject section */

/* Begin PBXResourcesBuildPhase section */
		274EC090226118CC00D5E263 /* Resources */ = {
			isa = PBXResourcesBuildPhase;
			buildActionMask = 2147483647;
			files = (
				274EC0A3226118D000D5E263 /* LaunchScreen.storyboard in Resources */,
				274EC0A0226118D000D5E263 /* Assets.xcassets in Resources */,
				2780C4A3229629A300C706CE /* ConfigCert.cer in Resources */,
				274EC09B226118CC00D5E263 /* Main.storyboard in Resources */,
			);
			runOnlyForDeploymentPostprocessing = 0;
		};
/* End PBXResourcesBuildPhase section */

/* Begin PBXSourcesBuildPhase section */
		274EC08E226118CC00D5E263 /* Sources */ = {
			isa = PBXSourcesBuildPhase;
			buildActionMask = 2147483647;
			files = (
				2780C493228F98C300C706CE /* NewAgeViewController.swift in Sources */,
				2780C49B2292352800C706CE /* Constants.swift in Sources */,
				27A3CA59226CEACE00577985 /* UserDefaultsUtil.swift in Sources */,
				274EC09E226118CC00D5E263 /* Age.xcdatamodeld in Sources */,
				2780C491228F91D200C706CE /* CoreDataUtils.swift in Sources */,
				2780C48D228F8EAF00C706CE /* AgesViewController.swift in Sources */,
				27A3CA57226C403500577985 /* DatabaseManager.swift in Sources */,
				2780C49D2292357700C706CE /* RemoteConfig.swift in Sources */,
				2780C48F228F8FB100C706CE /* AgeTableViewCell.swift in Sources */,
				2780C495229231D100C706CE /* RemoteConfigManager.swift in Sources */,
				27A3CA5D226D779A00577985 /* Birthday.swift in Sources */,
				2780C49F22926E1A00C706CE /* LoadingViewController.swift in Sources */,
				2780C4A52296E20D00C706CE /* ErrorUtil.swift in Sources */,
				274EC096226118CC00D5E263 /* AppDelegate.swift in Sources */,
			);
			runOnlyForDeploymentPostprocessing = 0;
		};
/* End PBXSourcesBuildPhase section */

/* Begin PBXVariantGroup section */
		274EC099226118CC00D5E263 /* Main.storyboard */ = {
			isa = PBXVariantGroup;
			children = (
				274EC09A226118CC00D5E263 /* Base */,
			);
			name = Main.storyboard;
			sourceTree = "<group>";
		};
		274EC0A1226118D000D5E263 /* LaunchScreen.storyboard */ = {
			isa = PBXVariantGroup;
			children = (
				274EC0A2226118D000D5E263 /* Base */,
			);
			name = LaunchScreen.storyboard;
			sourceTree = "<group>";
		};
/* End PBXVariantGroup section */

/* Begin XCBuildConfiguration section */
		274EC0A5226118D000D5E263 /* Debug */ = {
			isa = XCBuildConfiguration;
			buildSettings = {
				ALWAYS_SEARCH_USER_PATHS = NO;
				CLANG_ANALYZER_NONNULL = YES;
				CLANG_ANALYZER_NUMBER_OBJECT_CONVERSION = YES_AGGRESSIVE;
				CLANG_CXX_LANGUAGE_STANDARD = "gnu++14";
				CLANG_CXX_LIBRARY = "libc++";
				CLANG_ENABLE_MODULES = YES;
				CLANG_ENABLE_OBJC_ARC = YES;
				CLANG_ENABLE_OBJC_WEAK = YES;
				CLANG_WARN_BLOCK_CAPTURE_AUTORELEASING = YES;
				CLANG_WARN_BOOL_CONVERSION = YES;
				CLANG_WARN_COMMA = YES;
				CLANG_WARN_CONSTANT_CONVERSION = YES;
				CLANG_WARN_DEPRECATED_OBJC_IMPLEMENTATIONS = YES;
				CLANG_WARN_DIRECT_OBJC_ISA_USAGE = YES_ERROR;
				CLANG_WARN_DOCUMENTATION_COMMENTS = YES;
				CLANG_WARN_EMPTY_BODY = YES;
				CLANG_WARN_ENUM_CONVERSION = YES;
				CLANG_WARN_INFINITE_RECURSION = YES;
				CLANG_WARN_INT_CONVERSION = YES;
				CLANG_WARN_NON_LITERAL_NULL_CONVERSION = YES;
				CLANG_WARN_OBJC_IMPLICIT_RETAIN_SELF = YES;
				CLANG_WARN_OBJC_LITERAL_CONVERSION = YES;
				CLANG_WARN_OBJC_ROOT_CLASS = YES_ERROR;
				CLANG_WARN_RANGE_LOOP_ANALYSIS = YES;
				CLANG_WARN_STRICT_PROTOTYPES = YES;
				CLANG_WARN_SUSPICIOUS_MOVE = YES;
				CLANG_WARN_UNGUARDED_AVAILABILITY = YES_AGGRESSIVE;
				CLANG_WARN_UNREACHABLE_CODE = YES;
				CLANG_WARN__DUPLICATE_METHOD_MATCH = YES;
				CODE_SIGN_IDENTITY = "iPhone Developer";
				COPY_PHASE_STRIP = NO;
				DEBUG_INFORMATION_FORMAT = dwarf;
				ENABLE_STRICT_OBJC_MSGSEND = YES;
				ENABLE_TESTABILITY = YES;
				GCC_C_LANGUAGE_STANDARD = gnu11;
				GCC_DYNAMIC_NO_PIC = NO;
				GCC_NO_COMMON_BLOCKS = YES;
				GCC_OPTIMIZATION_LEVEL = 0;
				GCC_PREPROCESSOR_DEFINITIONS = (
					"DEBUG=1",
					"$(inherited)",
				);
				GCC_WARN_64_TO_32_BIT_CONVERSION = YES;
				GCC_WARN_ABOUT_RETURN_TYPE = YES_ERROR;
				GCC_WARN_UNDECLARED_SELECTOR = YES;
				GCC_WARN_UNINITIALIZED_AUTOS = YES_AGGRESSIVE;
				GCC_WARN_UNUSED_FUNCTION = YES;
				GCC_WARN_UNUSED_VARIABLE = YES;
				IPHONEOS_DEPLOYMENT_TARGET = 11.0;
				MTL_ENABLE_DEBUG_INFO = INCLUDE_SOURCE;
				MTL_FAST_MATH = YES;
				ONLY_ACTIVE_ARCH = YES;
				SDKROOT = iphoneos;
				SWIFT_ACTIVE_COMPILATION_CONDITIONS = DEBUG;
				SWIFT_OPTIMIZATION_LEVEL = "-Onone";
			};
			name = Debug;
		};
		274EC0A6226118D000D5E263 /* Release */ = {
			isa = XCBuildConfiguration;
			buildSettings = {
				ALWAYS_SEARCH_USER_PATHS = NO;
				CLANG_ANALYZER_NONNULL = YES;
				CLANG_ANALYZER_NUMBER_OBJECT_CONVERSION = YES_AGGRESSIVE;
				CLANG_CXX_LANGUAGE_STANDARD = "gnu++14";
				CLANG_CXX_LIBRARY = "libc++";
				CLANG_ENABLE_MODULES = YES;
				CLANG_ENABLE_OBJC_ARC = YES;
				CLANG_ENABLE_OBJC_WEAK = YES;
				CLANG_WARN_BLOCK_CAPTURE_AUTORELEASING = YES;
				CLANG_WARN_BOOL_CONVERSION = YES;
				CLANG_WARN_COMMA = YES;
				CLANG_WARN_CONSTANT_CONVERSION = YES;
				CLANG_WARN_DEPRECATED_OBJC_IMPLEMENTATIONS = YES;
				CLANG_WARN_DIRECT_OBJC_ISA_USAGE = YES_ERROR;
				CLANG_WARN_DOCUMENTATION_COMMENTS = YES;
				CLANG_WARN_EMPTY_BODY = YES;
				CLANG_WARN_ENUM_CONVERSION = YES;
				CLANG_WARN_INFINITE_RECURSION = YES;
				CLANG_WARN_INT_CONVERSION = YES;
				CLANG_WARN_NON_LITERAL_NULL_CONVERSION = YES;
				CLANG_WARN_OBJC_IMPLICIT_RETAIN_SELF = YES;
				CLANG_WARN_OBJC_LITERAL_CONVERSION = YES;
				CLANG_WARN_OBJC_ROOT_CLASS = YES_ERROR;
				CLANG_WARN_RANGE_LOOP_ANALYSIS = YES;
				CLANG_WARN_STRICT_PROTOTYPES = YES;
				CLANG_WARN_SUSPICIOUS_MOVE = YES;
				CLANG_WARN_UNGUARDED_AVAILABILITY = YES_AGGRESSIVE;
				CLANG_WARN_UNREACHABLE_CODE = YES;
				CLANG_WARN__DUPLICATE_METHOD_MATCH = YES;
				CODE_SIGN_IDENTITY = "iPhone Developer";
				COPY_PHASE_STRIP = NO;
				DEBUG_INFORMATION_FORMAT = "dwarf-with-dsym";
				ENABLE_NS_ASSERTIONS = NO;
				ENABLE_STRICT_OBJC_MSGSEND = YES;
				GCC_C_LANGUAGE_STANDARD = gnu11;
				GCC_NO_COMMON_BLOCKS = YES;
				GCC_WARN_64_TO_32_BIT_CONVERSION = YES;
				GCC_WARN_ABOUT_RETURN_TYPE = YES_ERROR;
				GCC_WARN_UNDECLARED_SELECTOR = YES;
				GCC_WARN_UNINITIALIZED_AUTOS = YES_AGGRESSIVE;
				GCC_WARN_UNUSED_FUNCTION = YES;
				GCC_WARN_UNUSED_VARIABLE = YES;
				IPHONEOS_DEPLOYMENT_TARGET = 11.0;
				MTL_ENABLE_DEBUG_INFO = NO;
				MTL_FAST_MATH = YES;
				SDKROOT = iphoneos;
				SWIFT_COMPILATION_MODE = wholemodule;
				SWIFT_OPTIMIZATION_LEVEL = "-O";
				VALIDATE_PRODUCT = YES;
			};
			name = Release;
		};
		274EC0A8226118D000D5E263 /* Debug */ = {
			isa = XCBuildConfiguration;
			buildSettings = {
				ASSETCATALOG_COMPILER_APPICON_NAME = AppIcon;
				CODE_SIGN_STYLE = Automatic;
				DEVELOPMENT_TEAM = T25FTV2NX7;
				INFOPLIST_FILE = Age/Info.plist;
				LD_RUNPATH_SEARCH_PATHS = (
					"$(inherited)",
					"@executable_path/Frameworks",
				);
				PRODUCT_BUNDLE_IDENTIFIER = com.aminheidari.Age;
				PRODUCT_NAME = "$(TARGET_NAME)";
				SWIFT_VERSION = 4.2;
				TARGETED_DEVICE_FAMILY = "1,2";
			};
			name = Debug;
		};
		274EC0A9226118D000D5E263 /* Release */ = {
			isa = XCBuildConfiguration;
			buildSettings = {
				ASSETCATALOG_COMPILER_APPICON_NAME = AppIcon;
				CODE_SIGN_STYLE = Automatic;
				DEVELOPMENT_TEAM = T25FTV2NX7;
				INFOPLIST_FILE = Age/Info.plist;
				LD_RUNPATH_SEARCH_PATHS = (
					"$(inherited)",
					"@executable_path/Frameworks",
				);
				PRODUCT_BUNDLE_IDENTIFIER = com.aminheidari.Age;
				PRODUCT_NAME = "$(TARGET_NAME)";
				SWIFT_VERSION = 4.2;
				TARGETED_DEVICE_FAMILY = "1,2";
			};
			name = Release;
		};
/* End XCBuildConfiguration section */

/* Begin XCConfigurationList section */
		274EC08D226118CC00D5E263 /* Build configuration list for PBXProject "Age" */ = {
			isa = XCConfigurationList;
			buildConfigurations = (
				274EC0A5226118D000D5E263 /* Debug */,
				274EC0A6226118D000D5E263 /* Release */,
			);
			defaultConfigurationIsVisible = 0;
			defaultConfigurationName = Release;
		};
		274EC0A7226118D000D5E263 /* Build configuration list for PBXNativeTarget "Age" */ = {
			isa = XCConfigurationList;
			buildConfigurations = (
				274EC0A8226118D000D5E263 /* Debug */,
				274EC0A9226118D000D5E263 /* Release */,
			);
			defaultConfigurationIsVisible = 0;
			defaultConfigurationName = Release;
		};
/* End XCConfigurationList section */

/* Begin XCVersionGroup section */
		274EC09C226118CC00D5E263 /* Age.xcdatamodeld */ = {
			isa = XCVersionGroup;
			children = (
				274EC09D226118CC00D5E263 /* Age.xcdatamodel */,
			);
			currentVersion = 274EC09D226118CC00D5E263 /* Age.xcdatamodel */;
			path = Age.xcdatamodeld;
			sourceTree = "<group>";
			versionGroupType = wrapper.xcdatamodel;
		};
/* End XCVersionGroup section */
	};
	rootObject = 274EC08A226118CC00D5E263 /* Project object */;
}
